// !$*UTF8*$!
{
	archiveVersion = 1;
	classes = {
	};
	objectVersion = 46;
	objects = {

/* Begin PBXBuildFile section */
		02C7A0C6F31C44B6874EDD09 /* Pods_MJRFlexStyleExamples.framework in Frameworks */ = {isa = PBXBuildFile; fileRef = 7EB58092D6A64F2179A05BD8 /* Pods_MJRFlexStyleExamples.framework */; };
		5B0859E01D7EE65500484E8F /* FlexTextView.swift in Sources */ = {isa = PBXBuildFile; fileRef = 5B0859DF1D7EE65500484E8F /* FlexTextView.swift */; };
		5B0859E11D7EE65500484E8F /* FlexTextView.swift in Sources */ = {isa = PBXBuildFile; fileRef = 5B0859DF1D7EE65500484E8F /* FlexTextView.swift */; };
		5B0859E41D7EE84B00484E8F /* FlexTextViewDemoViewController.swift in Sources */ = {isa = PBXBuildFile; fileRef = 5B0859E21D7EE84B00484E8F /* FlexTextViewDemoViewController.swift */; };
		5B12A8E11D72EBE50072D1E1 /* FlexImageView.swift in Sources */ = {isa = PBXBuildFile; fileRef = 5B12A8E01D72EBE50072D1E1 /* FlexImageView.swift */; };
		5B12A8E21D72EBE50072D1E1 /* FlexImageView.swift in Sources */ = {isa = PBXBuildFile; fileRef = 5B12A8E01D72EBE50072D1E1 /* FlexImageView.swift */; };
		5B12A8E41D73066E0072D1E1 /* ImageViewDemoViewController.swift in Sources */ = {isa = PBXBuildFile; fileRef = 5B12A8E31D73066E0072D1E1 /* ImageViewDemoViewController.swift */; };
		5B1EFC7A1D7047250040AD50 /* FlexViewMenu.swift in Sources */ = {isa = PBXBuildFile; fileRef = 5B1EFC791D7047250040AD50 /* FlexViewMenu.swift */; };
		5B1EFC7B1D7047250040AD50 /* FlexViewMenu.swift in Sources */ = {isa = PBXBuildFile; fileRef = 5B1EFC791D7047250040AD50 /* FlexViewMenu.swift */; };
		5B3FF71F1E1136A10077A106 /* UIImageExtensions.swift in Sources */ = {isa = PBXBuildFile; fileRef = 5B3FF71E1E1136A10077A106 /* UIImageExtensions.swift */; };
		5B3FF7221E13BC8C0077A106 /* FlexBaseStylingControl.swift in Sources */ = {isa = PBXBuildFile; fileRef = 5B3FF7211E13BC8C0077A106 /* FlexBaseStylingControl.swift */; };
		5B3FF7231E13BC8C0077A106 /* FlexBaseStylingControl.swift in Sources */ = {isa = PBXBuildFile; fileRef = 5B3FF7211E13BC8C0077A106 /* FlexBaseStylingControl.swift */; };
		5B3FF7251E13BD9A0077A106 /* FlexShapeStyle.swift in Sources */ = {isa = PBXBuildFile; fileRef = 5B3FF7241E13BD9A0077A106 /* FlexShapeStyle.swift */; };
		5B3FF7261E13BD9A0077A106 /* FlexShapeStyle.swift in Sources */ = {isa = PBXBuildFile; fileRef = 5B3FF7241E13BD9A0077A106 /* FlexShapeStyle.swift */; };
		5B3FF7291E13EDA50077A106 /* FlexBaseCollectionViewCellTextLabel.swift in Sources */ = {isa = PBXBuildFile; fileRef = 5B3FF7281E13EDA50077A106 /* FlexBaseCollectionViewCellTextLabel.swift */; };
		5B3FF72A1E13EDA50077A106 /* FlexBaseCollectionViewCellTextLabel.swift in Sources */ = {isa = PBXBuildFile; fileRef = 5B3FF7281E13EDA50077A106 /* FlexBaseCollectionViewCellTextLabel.swift */; };
		5B3FF72C1E13EEF20077A106 /* FlexBaseCollectionViewCellAuxTextLabel.swift in Sources */ = {isa = PBXBuildFile; fileRef = 5B3FF72B1E13EEF20077A106 /* FlexBaseCollectionViewCellAuxTextLabel.swift */; };
		5B3FF72D1E13EEF20077A106 /* FlexBaseCollectionViewCellAuxTextLabel.swift in Sources */ = {isa = PBXBuildFile; fileRef = 5B3FF72B1E13EEF20077A106 /* FlexBaseCollectionViewCellAuxTextLabel.swift */; };
		5B3FF72F1E13EF270077A106 /* FlexBaseCollectionViewCellInfoTextLabel.swift in Sources */ = {isa = PBXBuildFile; fileRef = 5B3FF72E1E13EF270077A106 /* FlexBaseCollectionViewCellInfoTextLabel.swift */; };
		5B3FF7301E13EF270077A106 /* FlexBaseCollectionViewCellInfoTextLabel.swift in Sources */ = {isa = PBXBuildFile; fileRef = 5B3FF72E1E13EF270077A106 /* FlexBaseCollectionViewCellInfoTextLabel.swift */; };
		5B3FF7321E13EF500077A106 /* FlexBaseCollectionViewCellDetailTextLabel.swift in Sources */ = {isa = PBXBuildFile; fileRef = 5B3FF7311E13EF500077A106 /* FlexBaseCollectionViewCellDetailTextLabel.swift */; };
		5B3FF7331E13EF500077A106 /* FlexBaseCollectionViewCellDetailTextLabel.swift in Sources */ = {isa = PBXBuildFile; fileRef = 5B3FF7311E13EF500077A106 /* FlexBaseCollectionViewCellDetailTextLabel.swift */; };
		5B3FF7361E15126C0077A106 /* FlexViewSupplementaryView.swift in Sources */ = {isa = PBXBuildFile; fileRef = 5B3FF7351E15126C0077A106 /* FlexViewSupplementaryView.swift */; };
		5B3FF7371E15126C0077A106 /* FlexViewSupplementaryView.swift in Sources */ = {isa = PBXBuildFile; fileRef = 5B3FF7351E15126C0077A106 /* FlexViewSupplementaryView.swift */; };
		5B3FF7391E152C600077A106 /* FlexCellView.swift in Sources */ = {isa = PBXBuildFile; fileRef = 5B3FF7381E152C600077A106 /* FlexCellView.swift */; };
		5B3FF73A1E152C600077A106 /* FlexCellView.swift in Sources */ = {isa = PBXBuildFile; fileRef = 5B3FF7381E152C600077A106 /* FlexCellView.swift */; };
		5B49AAF31D8E6CB0003C062E /* FlexLabel.swift in Sources */ = {isa = PBXBuildFile; fileRef = 5B49AAF21D8E6CB0003C062E /* FlexLabel.swift */; };
		5B49AAF41D8E6CB0003C062E /* FlexLabel.swift in Sources */ = {isa = PBXBuildFile; fileRef = 5B49AAF21D8E6CB0003C062E /* FlexLabel.swift */; };
		5B53D0F31D5372010068BF04 /* FlexView.swift in Sources */ = {isa = PBXBuildFile; fileRef = 5B53D0F21D5372010068BF04 /* FlexView.swift */; };
		5B53D0F41D5372010068BF04 /* FlexView.swift in Sources */ = {isa = PBXBuildFile; fileRef = 5B53D0F21D5372010068BF04 /* FlexView.swift */; };
		5B53D0F71D5393520068BF04 /* ViewsDemoViewController.swift in Sources */ = {isa = PBXBuildFile; fileRef = 5B53D0F51D5393520068BF04 /* ViewsDemoViewController.swift */; };
		5B6CF1591D48E8DD00291D8B /* MKColor.swift in Sources */ = {isa = PBXBuildFile; fileRef = 5B6CF1581D48E8DD00291D8B /* MKColor.swift */; };
		5B72347D1E2CBFB10089A4E7 /* FlexButtonCollectionItem.swift in Sources */ = {isa = PBXBuildFile; fileRef = 5B72347C1E2CBFB10089A4E7 /* FlexButtonCollectionItem.swift */; };
		5B72347E1E2CBFB10089A4E7 /* FlexButtonCollectionItem.swift in Sources */ = {isa = PBXBuildFile; fileRef = 5B72347C1E2CBFB10089A4E7 /* FlexButtonCollectionItem.swift */; };
		5B7234801E2CC0A60089A4E7 /* FlexButtonCollectionViewCell.swift in Sources */ = {isa = PBXBuildFile; fileRef = 5B72347F1E2CC0A60089A4E7 /* FlexButtonCollectionViewCell.swift */; };
		5B7234811E2CC0A60089A4E7 /* FlexButtonCollectionViewCell.swift in Sources */ = {isa = PBXBuildFile; fileRef = 5B72347F1E2CC0A60089A4E7 /* FlexButtonCollectionViewCell.swift */; };
		5B7234831E2CE49B0089A4E7 /* FlexHeaderView.swift in Sources */ = {isa = PBXBuildFile; fileRef = 5B7234821E2CE49B0089A4E7 /* FlexHeaderView.swift */; };
		5B7234841E2CE49B0089A4E7 /* FlexHeaderView.swift in Sources */ = {isa = PBXBuildFile; fileRef = 5B7234821E2CE49B0089A4E7 /* FlexHeaderView.swift */; };
		5B7234861E2CE4AC0089A4E7 /* FlexFooterView.swift in Sources */ = {isa = PBXBuildFile; fileRef = 5B7234851E2CE4AC0089A4E7 /* FlexFooterView.swift */; };
		5B7234871E2CE4AC0089A4E7 /* FlexFooterView.swift in Sources */ = {isa = PBXBuildFile; fileRef = 5B7234851E2CE4AC0089A4E7 /* FlexFooterView.swift */; };
		5B72349F1E3395990089A4E7 /* FlexMenuCollectionItem.swift in Sources */ = {isa = PBXBuildFile; fileRef = 5B72349D1E3395990089A4E7 /* FlexMenuCollectionItem.swift */; };
		5B7234A01E3395990089A4E7 /* FlexMenuCollectionItem.swift in Sources */ = {isa = PBXBuildFile; fileRef = 5B72349D1E3395990089A4E7 /* FlexMenuCollectionItem.swift */; };
		5B7234A11E3395990089A4E7 /* FlexMenuCollectionViewCell.swift in Sources */ = {isa = PBXBuildFile; fileRef = 5B72349E1E3395990089A4E7 /* FlexMenuCollectionViewCell.swift */; };
		5B7234A21E3395990089A4E7 /* FlexMenuCollectionViewCell.swift in Sources */ = {isa = PBXBuildFile; fileRef = 5B72349E1E3395990089A4E7 /* FlexMenuCollectionViewCell.swift */; };
		5B9936D71D3A57620043E573 /* StyledSliderThumbList.swift in Sources */ = {isa = PBXBuildFile; fileRef = 5B9936D61D3A57620043E573 /* StyledSliderThumbList.swift */; };
		5B9936D91D3A578B0043E573 /* StyledControlDirection.swift in Sources */ = {isa = PBXBuildFile; fileRef = 5B9936D81D3A578B0043E573 /* StyledControlDirection.swift */; };
		5B9936FF1D3A9E210043E573 /* AppDelegate.swift in Sources */ = {isa = PBXBuildFile; fileRef = 5B9936FE1D3A9E210043E573 /* AppDelegate.swift */; };
		5B9937011D3A9E210043E573 /* ViewController.swift in Sources */ = {isa = PBXBuildFile; fileRef = 5B9937001D3A9E210043E573 /* ViewController.swift */; };
		5B9937041D3A9E210043E573 /* Main.storyboard in Resources */ = {isa = PBXBuildFile; fileRef = 5B9937021D3A9E210043E573 /* Main.storyboard */; };
		5B9937061D3A9E210043E573 /* Assets.xcassets in Resources */ = {isa = PBXBuildFile; fileRef = 5B9937051D3A9E210043E573 /* Assets.xcassets */; };
		5B9937091D3A9E220043E573 /* LaunchScreen.storyboard in Resources */ = {isa = PBXBuildFile; fileRef = 5B9937071D3A9E210043E573 /* LaunchScreen.storyboard */; };
		5B99370E1D3A9E5B0043E573 /* GenericStyleSlider.swift in Sources */ = {isa = PBXBuildFile; fileRef = 5BF702141D3116AC0011555A /* GenericStyleSlider.swift */; };
		5B99370F1D3A9E5B0043E573 /* SnappingThumbBehaviour.swift in Sources */ = {isa = PBXBuildFile; fileRef = 5B9F2C5D1D31616200B096B5 /* SnappingThumbBehaviour.swift */; };
		5B9937101D3A9E5B0043E573 /* StyledSliderThumb.swift in Sources */ = {isa = PBXBuildFile; fileRef = 5B9F2C5F1D32352600B096B5 /* StyledSliderThumb.swift */; };
		5B9937111D3A9E5B0043E573 /* StyledSliderThumbList.swift in Sources */ = {isa = PBXBuildFile; fileRef = 5B9936D61D3A57620043E573 /* StyledSliderThumbList.swift */; };
		5B9937121D3A9E5B0043E573 /* StyledControlDirection.swift in Sources */ = {isa = PBXBuildFile; fileRef = 5B9936D81D3A578B0043E573 /* StyledControlDirection.swift */; };
		5B9F2C5E1D31616200B096B5 /* SnappingThumbBehaviour.swift in Sources */ = {isa = PBXBuildFile; fileRef = 5B9F2C5D1D31616200B096B5 /* SnappingThumbBehaviour.swift */; };
		5B9F2C601D32352600B096B5 /* StyledSliderThumb.swift in Sources */ = {isa = PBXBuildFile; fileRef = 5B9F2C5F1D32352600B096B5 /* StyledSliderThumb.swift */; };
		5BAD34E41E5055380078FEE8 /* FlexCardViewCollectionItem.swift in Sources */ = {isa = PBXBuildFile; fileRef = 5BAD34E31E5055380078FEE8 /* FlexCardViewCollectionItem.swift */; };
		5BAD34E51E5055380078FEE8 /* FlexCardViewCollectionItem.swift in Sources */ = {isa = PBXBuildFile; fileRef = 5BAD34E31E5055380078FEE8 /* FlexCardViewCollectionItem.swift */; };
		5BAD34E71E50557F0078FEE8 /* FlexCardViewCollectionViewCell.swift in Sources */ = {isa = PBXBuildFile; fileRef = 5BAD34E61E50557F0078FEE8 /* FlexCardViewCollectionViewCell.swift */; };
		5BAD34E81E50557F0078FEE8 /* FlexCardViewCollectionViewCell.swift in Sources */ = {isa = PBXBuildFile; fileRef = 5BAD34E61E50557F0078FEE8 /* FlexCardViewCollectionViewCell.swift */; };
		5BAD34EA1E5058970078FEE8 /* UITextView+Defaults.swift in Sources */ = {isa = PBXBuildFile; fileRef = 5BAD34E91E5058970078FEE8 /* UITextView+Defaults.swift */; };
		5BAD34EB1E5058970078FEE8 /* UITextView+Defaults.swift in Sources */ = {isa = PBXBuildFile; fileRef = 5BAD34E91E5058970078FEE8 /* UITextView+Defaults.swift */; };
		5BAD34ED1E5059470078FEE8 /* UITextView+Alignment.swift in Sources */ = {isa = PBXBuildFile; fileRef = 5BAD34EC1E5059470078FEE8 /* UITextView+Alignment.swift */; };
		5BAD34EE1E5059470078FEE8 /* UITextView+Alignment.swift in Sources */ = {isa = PBXBuildFile; fileRef = 5BAD34EC1E5059470078FEE8 /* UITextView+Alignment.swift */; };
		5BAD34F01E5068840078FEE8 /* FlexCardTextViewCollectionViewCell.swift in Sources */ = {isa = PBXBuildFile; fileRef = 5BAD34EF1E5068840078FEE8 /* FlexCardTextViewCollectionViewCell.swift */; };
		5BAD34F11E5068840078FEE8 /* FlexCardTextViewCollectionViewCell.swift in Sources */ = {isa = PBXBuildFile; fileRef = 5BAD34EF1E5068840078FEE8 /* FlexCardTextViewCollectionViewCell.swift */; };
		5BAD34F31E5069BB0078FEE8 /* FlexCardTextViewCollectionItem.swift in Sources */ = {isa = PBXBuildFile; fileRef = 5BAD34F21E5069BB0078FEE8 /* FlexCardTextViewCollectionItem.swift */; };
		5BAD34F41E5069BB0078FEE8 /* FlexCardTextViewCollectionItem.swift in Sources */ = {isa = PBXBuildFile; fileRef = 5BAD34F21E5069BB0078FEE8 /* FlexCardTextViewCollectionItem.swift */; };
		5BADC33E1DACDFF7009B899E /* FlexTextViewCollectionItem.swift in Sources */ = {isa = PBXBuildFile; fileRef = 5BADC33D1DACDFF7009B899E /* FlexTextViewCollectionItem.swift */; };
		5BADC33F1DACDFF7009B899E /* FlexTextViewCollectionItem.swift in Sources */ = {isa = PBXBuildFile; fileRef = 5BADC33D1DACDFF7009B899E /* FlexTextViewCollectionItem.swift */; };
		5BADC3411DACE23D009B899E /* FlexTextViewCollectionViewCell.swift in Sources */ = {isa = PBXBuildFile; fileRef = 5BADC3401DACE23D009B899E /* FlexTextViewCollectionViewCell.swift */; };
		5BADC3421DACE23D009B899E /* FlexTextViewCollectionViewCell.swift in Sources */ = {isa = PBXBuildFile; fileRef = 5BADC3401DACE23D009B899E /* FlexTextViewCollectionViewCell.swift */; };
		5BADFC5C1DA8C9DA004A5D12 /* FlexSliderCollectionItem.swift in Sources */ = {isa = PBXBuildFile; fileRef = 5BADFC5B1DA8C9DA004A5D12 /* FlexSliderCollectionItem.swift */; };
		5BADFC5D1DA8C9DA004A5D12 /* FlexSliderCollectionItem.swift in Sources */ = {isa = PBXBuildFile; fileRef = 5BADFC5B1DA8C9DA004A5D12 /* FlexSliderCollectionItem.swift */; };
		5BADFC5F1DA8CA33004A5D12 /* FlexSliderCollectionViewCell.swift in Sources */ = {isa = PBXBuildFile; fileRef = 5BADFC5E1DA8CA33004A5D12 /* FlexSliderCollectionViewCell.swift */; };
		5BADFC601DA8CA33004A5D12 /* FlexSliderCollectionViewCell.swift in Sources */ = {isa = PBXBuildFile; fileRef = 5BADFC5E1DA8CA33004A5D12 /* FlexSliderCollectionViewCell.swift */; };
		5BADFC621DA8E151004A5D12 /* FlexControlLayoutHelper.swift in Sources */ = {isa = PBXBuildFile; fileRef = 5BADFC611DA8E151004A5D12 /* FlexControlLayoutHelper.swift */; };
		5BADFC631DA8E151004A5D12 /* FlexControlLayoutHelper.swift in Sources */ = {isa = PBXBuildFile; fileRef = 5BADFC611DA8E151004A5D12 /* FlexControlLayoutHelper.swift */; };
		5BB1141C1DB8CA9700719EEB /* FlexImageCollectionViewCell.swift in Sources */ = {isa = PBXBuildFile; fileRef = 5BB1141B1DB8CA9700719EEB /* FlexImageCollectionViewCell.swift */; };
		5BB1141D1DB8CA9700719EEB /* FlexImageCollectionViewCell.swift in Sources */ = {isa = PBXBuildFile; fileRef = 5BB1141B1DB8CA9700719EEB /* FlexImageCollectionViewCell.swift */; };
		5BB1141F1DB8CADB00719EEB /* FlexImageCollectionItem.swift in Sources */ = {isa = PBXBuildFile; fileRef = 5BB1141E1DB8CADB00719EEB /* FlexImageCollectionItem.swift */; };
		5BB114201DB8CADB00719EEB /* FlexImageCollectionItem.swift in Sources */ = {isa = PBXBuildFile; fileRef = 5BB1141E1DB8CADB00719EEB /* FlexImageCollectionItem.swift */; };
		5BB114221DB8F7FD00719EEB /* NSAttributedStringExtension.swift in Sources */ = {isa = PBXBuildFile; fileRef = 5BB114211DB8F7FD00719EEB /* NSAttributedStringExtension.swift */; };
		5BB114231DB8F7FD00719EEB /* NSAttributedStringExtension.swift in Sources */ = {isa = PBXBuildFile; fileRef = 5BB114211DB8F7FD00719EEB /* NSAttributedStringExtension.swift */; };
		5BB2A61D1DA7A72E003D38C3 /* FlexColorCollectionViewCell.swift in Sources */ = {isa = PBXBuildFile; fileRef = 5BB2A61C1DA7A72E003D38C3 /* FlexColorCollectionViewCell.swift */; };
		5BB2A61E1DA7A72E003D38C3 /* FlexColorCollectionViewCell.swift in Sources */ = {isa = PBXBuildFile; fileRef = 5BB2A61C1DA7A72E003D38C3 /* FlexColorCollectionViewCell.swift */; };
		5BB2A6201DA7A774003D38C3 /* FlexColorCollectionItem.swift in Sources */ = {isa = PBXBuildFile; fileRef = 5BB2A61F1DA7A774003D38C3 /* FlexColorCollectionItem.swift */; };
		5BB2A6211DA7A774003D38C3 /* FlexColorCollectionItem.swift in Sources */ = {isa = PBXBuildFile; fileRef = 5BB2A61F1DA7A774003D38C3 /* FlexColorCollectionItem.swift */; };
		5BB2A6231DA7D296003D38C3 /* FlexSwitchCollectionViewCell.swift in Sources */ = {isa = PBXBuildFile; fileRef = 5BB2A6221DA7D296003D38C3 /* FlexSwitchCollectionViewCell.swift */; };
		5BB2A6241DA7D296003D38C3 /* FlexSwitchCollectionViewCell.swift in Sources */ = {isa = PBXBuildFile; fileRef = 5BB2A6221DA7D296003D38C3 /* FlexSwitchCollectionViewCell.swift */; };
		5BB2A6261DA7D2E9003D38C3 /* FlexSwitchCollectionItem.swift in Sources */ = {isa = PBXBuildFile; fileRef = 5BB2A6251DA7D2E9003D38C3 /* FlexSwitchCollectionItem.swift */; };
		5BB2A6271DA7D2E9003D38C3 /* FlexSwitchCollectionItem.swift in Sources */ = {isa = PBXBuildFile; fileRef = 5BB2A6251DA7D2E9003D38C3 /* FlexSwitchCollectionItem.swift */; };
		5BB366101DBA382500C26FC0 /* StringExtension.swift in Sources */ = {isa = PBXBuildFile; fileRef = 5BB3660F1DBA382500C26FC0 /* StringExtension.swift */; };
		5BB366111DBA382500C26FC0 /* StringExtension.swift in Sources */ = {isa = PBXBuildFile; fileRef = 5BB3660F1DBA382500C26FC0 /* StringExtension.swift */; };
		5BB91C901DA3955900A94D12 /* FlexCollectionSection.swift in Sources */ = {isa = PBXBuildFile; fileRef = 5BB91C8A1DA3955900A94D12 /* FlexCollectionSection.swift */; };
		5BB91C911DA3955900A94D12 /* FlexCollectionSection.swift in Sources */ = {isa = PBXBuildFile; fileRef = 5BB91C8A1DA3955900A94D12 /* FlexCollectionSection.swift */; };
		5BB91C921DA3955900A94D12 /* FlexCollectionItem.swift in Sources */ = {isa = PBXBuildFile; fileRef = 5BB91C8B1DA3955900A94D12 /* FlexCollectionItem.swift */; };
		5BB91C931DA3955900A94D12 /* FlexCollectionItem.swift in Sources */ = {isa = PBXBuildFile; fileRef = 5BB91C8B1DA3955900A94D12 /* FlexCollectionItem.swift */; };
		5BB91C941DA3955900A94D12 /* EmptyHeaderCollectionReusableView.swift in Sources */ = {isa = PBXBuildFile; fileRef = 5BB91C8C1DA3955900A94D12 /* EmptyHeaderCollectionReusableView.swift */; };
		5BB91C951DA3955900A94D12 /* EmptyHeaderCollectionReusableView.swift in Sources */ = {isa = PBXBuildFile; fileRef = 5BB91C8C1DA3955900A94D12 /* EmptyHeaderCollectionReusableView.swift */; };
		5BB91C961DA3955900A94D12 /* SimpleHeaderCollectionReusableView.swift in Sources */ = {isa = PBXBuildFile; fileRef = 5BB91C8D1DA3955900A94D12 /* SimpleHeaderCollectionReusableView.swift */; };
		5BB91C971DA3955900A94D12 /* SimpleHeaderCollectionReusableView.swift in Sources */ = {isa = PBXBuildFile; fileRef = 5BB91C8D1DA3955900A94D12 /* SimpleHeaderCollectionReusableView.swift */; };
		5BB91C981DA3955900A94D12 /* FlexCollectionView.swift in Sources */ = {isa = PBXBuildFile; fileRef = 5BB91C8E1DA3955900A94D12 /* FlexCollectionView.swift */; };
		5BB91C991DA3955900A94D12 /* FlexCollectionView.swift in Sources */ = {isa = PBXBuildFile; fileRef = 5BB91C8E1DA3955900A94D12 /* FlexCollectionView.swift */; };
		5BB91C9A1DA3955900A94D12 /* FlexCollectionViewCell.swift in Sources */ = {isa = PBXBuildFile; fileRef = 5BB91C8F1DA3955900A94D12 /* FlexCollectionViewCell.swift */; };
		5BB91C9B1DA3955900A94D12 /* FlexCollectionViewCell.swift in Sources */ = {isa = PBXBuildFile; fileRef = 5BB91C8F1DA3955900A94D12 /* FlexCollectionViewCell.swift */; };
		5BB91CA21DA39E0F00A94D12 /* ImageShapeLayerFactory.swift in Sources */ = {isa = PBXBuildFile; fileRef = 5BB91CA11DA39E0F00A94D12 /* ImageShapeLayerFactory.swift */; };
		5BB91CA31DA39E0F00A94D12 /* ImageShapeLayerFactory.swift in Sources */ = {isa = PBXBuildFile; fileRef = 5BB91CA11DA39E0F00A94D12 /* ImageShapeLayerFactory.swift */; };
		5BB91CA61DA3D8F600A94D12 /* FlexBaseCollectionViewCell.swift in Sources */ = {isa = PBXBuildFile; fileRef = 5BB91CA51DA3D8F600A94D12 /* FlexBaseCollectionViewCell.swift */; };
		5BB91CA71DA3D8F600A94D12 /* FlexBaseCollectionViewCell.swift in Sources */ = {isa = PBXBuildFile; fileRef = 5BB91CA51DA3D8F600A94D12 /* FlexBaseCollectionViewCell.swift */; };
		5BB91CA91DA3DC3500A94D12 /* FlexBaseCollectionItem.swift in Sources */ = {isa = PBXBuildFile; fileRef = 5BB91CA81DA3DC3500A94D12 /* FlexBaseCollectionItem.swift */; };
		5BB91CAA1DA3DC3500A94D12 /* FlexBaseCollectionItem.swift in Sources */ = {isa = PBXBuildFile; fileRef = 5BB91CA81DA3DC3500A94D12 /* FlexBaseCollectionItem.swift */; };
		5BC284231DA66689004E1731 /* FlexCollectionDemoViewController.swift in Sources */ = {isa = PBXBuildFile; fileRef = 5BC284221DA66689004E1731 /* FlexCollectionDemoViewController.swift */; };
		5BC4B9B01D520E7F0000421F /* FlexBaseControl.swift in Sources */ = {isa = PBXBuildFile; fileRef = 5BC4B9AF1D520E7F0000421F /* FlexBaseControl.swift */; };
		5BC4B9B11D520E7F0000421F /* FlexBaseControl.swift in Sources */ = {isa = PBXBuildFile; fileRef = 5BC4B9AF1D520E7F0000421F /* FlexBaseControl.swift */; };
		5BD460411DA100B0001FA9B3 /* CGRectHelper.swift in Sources */ = {isa = PBXBuildFile; fileRef = 5BD460401DA100B0001FA9B3 /* CGRectHelper.swift */; };
		5BD460421DA100B0001FA9B3 /* CGRectHelper.swift in Sources */ = {isa = PBXBuildFile; fileRef = 5BD460401DA100B0001FA9B3 /* CGRectHelper.swift */; };
		5BD460471DA10A56001FA9B3 /* FlexImageShapeView.swift in Sources */ = {isa = PBXBuildFile; fileRef = 5BD460461DA10A56001FA9B3 /* FlexImageShapeView.swift */; };
		5BD460481DA10A56001FA9B3 /* FlexImageShapeView.swift in Sources */ = {isa = PBXBuildFile; fileRef = 5BD460461DA10A56001FA9B3 /* FlexImageShapeView.swift */; };
		5BD4604A1DA1109E001FA9B3 /* ImageShapeDemoViewController.swift in Sources */ = {isa = PBXBuildFile; fileRef = 5BD460491DA1109E001FA9B3 /* ImageShapeDemoViewController.swift */; };
		5BE448491D41F6DB0011E5AE /* PositionUpdateTimer.swift in Sources */ = {isa = PBXBuildFile; fileRef = 5BE448481D41F6DB0011E5AE /* PositionUpdateTimer.swift */; };
		5BE4484A1D41F6DB0011E5AE /* PositionUpdateTimer.swift in Sources */ = {isa = PBXBuildFile; fileRef = 5BE448481D41F6DB0011E5AE /* PositionUpdateTimer.swift */; };
		5BE4484D1D42160E0011E5AE /* StyledSliderThumbBehaviour.swift in Sources */ = {isa = PBXBuildFile; fileRef = 5BE4484C1D42160E0011E5AE /* StyledSliderThumbBehaviour.swift */; };
		5BE4484E1D42160E0011E5AE /* StyledSliderThumbBehaviour.swift in Sources */ = {isa = PBXBuildFile; fileRef = 5BE4484C1D42160E0011E5AE /* StyledSliderThumbBehaviour.swift */; };
		5BE448501D4220830011E5AE /* LabelFactory.swift in Sources */ = {isa = PBXBuildFile; fileRef = 5BE4484F1D4220830011E5AE /* LabelFactory.swift */; };
		5BE448511D4220830011E5AE /* LabelFactory.swift in Sources */ = {isa = PBXBuildFile; fileRef = 5BE4484F1D4220830011E5AE /* LabelFactory.swift */; };
		5BE448531D4381C90011E5AE /* FlexSwitch.swift in Sources */ = {isa = PBXBuildFile; fileRef = 5BE448521D4381C90011E5AE /* FlexSwitch.swift */; };
		5BE448541D4381C90011E5AE /* FlexSwitch.swift in Sources */ = {isa = PBXBuildFile; fileRef = 5BE448521D4381C90011E5AE /* FlexSwitch.swift */; };
		5BE4485A1D44C71D0011E5AE /* FlexMenu.swift in Sources */ = {isa = PBXBuildFile; fileRef = 5BE448591D44C71D0011E5AE /* FlexMenu.swift */; };
		5BE4485B1D44C71D0011E5AE /* FlexMenu.swift in Sources */ = {isa = PBXBuildFile; fileRef = 5BE448591D44C71D0011E5AE /* FlexMenu.swift */; };
		5BE4485D1D44C8D80011E5AE /* FlexMenuItem.swift in Sources */ = {isa = PBXBuildFile; fileRef = 5BE4485C1D44C8D80011E5AE /* FlexMenuItem.swift */; };
		5BE4485E1D44C8D80011E5AE /* FlexMenuItem.swift in Sources */ = {isa = PBXBuildFile; fileRef = 5BE4485C1D44C8D80011E5AE /* FlexMenuItem.swift */; };
		5BE448631D450DC20011E5AE /* FlexSeriesView.swift in Sources */ = {isa = PBXBuildFile; fileRef = 5BE448621D450DC20011E5AE /* FlexSeriesView.swift */; };
		5BE448641D450DC20011E5AE /* FlexSeriesView.swift in Sources */ = {isa = PBXBuildFile; fileRef = 5BE448621D450DC20011E5AE /* FlexSeriesView.swift */; };
		5BE448671D474DFD0011E5AE /* BezierPathHelper.swift in Sources */ = {isa = PBXBuildFile; fileRef = 5BE448661D474DFD0011E5AE /* BezierPathHelper.swift */; };
		5BE448681D474DFD0011E5AE /* BezierPathHelper.swift in Sources */ = {isa = PBXBuildFile; fileRef = 5BE448661D474DFD0011E5AE /* BezierPathHelper.swift */; };
		5BE4486A1D4760EE0011E5AE /* FlexSlider.swift in Sources */ = {isa = PBXBuildFile; fileRef = 5BE448691D4760EE0011E5AE /* FlexSlider.swift */; };
		5BE4486B1D4760EE0011E5AE /* FlexSlider.swift in Sources */ = {isa = PBXBuildFile; fileRef = 5BE448691D4760EE0011E5AE /* FlexSlider.swift */; };
		5BE4486D1D478E9A0011E5AE /* FlexDoubleSlider.swift in Sources */ = {isa = PBXBuildFile; fileRef = 5BE4486C1D478E9A0011E5AE /* FlexDoubleSlider.swift */; };
		5BE4486E1D478E9A0011E5AE /* FlexDoubleSlider.swift in Sources */ = {isa = PBXBuildFile; fileRef = 5BE4486C1D478E9A0011E5AE /* FlexDoubleSlider.swift */; };
		5BE64CE31E4B279B00CD0271 /* FlexTextFieldCollectionViewCell.swift in Sources */ = {isa = PBXBuildFile; fileRef = 5BE64CE21E4B279B00CD0271 /* FlexTextFieldCollectionViewCell.swift */; };
		5BE64CE41E4B279B00CD0271 /* FlexTextFieldCollectionViewCell.swift in Sources */ = {isa = PBXBuildFile; fileRef = 5BE64CE21E4B279B00CD0271 /* FlexTextFieldCollectionViewCell.swift */; };
		5BE64CE61E4B280E00CD0271 /* FlexTextFieldCollectionItem.swift in Sources */ = {isa = PBXBuildFile; fileRef = 5BE64CE51E4B280E00CD0271 /* FlexTextFieldCollectionItem.swift */; };
		5BE64CE71E4B280E00CD0271 /* FlexTextFieldCollectionItem.swift in Sources */ = {isa = PBXBuildFile; fileRef = 5BE64CE51E4B280E00CD0271 /* FlexTextFieldCollectionItem.swift */; };
		5BEAF3231D6851B600BF5D83 /* MenusDemoViewController.swift in Sources */ = {isa = PBXBuildFile; fileRef = 5BEAF3221D6851B600BF5D83 /* MenusDemoViewController.swift */; };
		5BF7020C1D3113D50011555A /* MJRFlexStyleComponents.h in Headers */ = {isa = PBXBuildFile; fileRef = 5BF7020B1D3113D50011555A /* MJRFlexStyleComponents.h */; settings = {ATTRIBUTES = (Public, ); }; };
		5BF702151D3116AC0011555A /* GenericStyleSlider.swift in Sources */ = {isa = PBXBuildFile; fileRef = 5BF702141D3116AC0011555A /* GenericStyleSlider.swift */; };
		C3AC2488CF774B6B1EEC5265 /* Pods_MJRFlexStyleComponents.framework in Frameworks */ = {isa = PBXBuildFile; fileRef = E0532D1798B2537BC02B786B /* Pods_MJRFlexStyleComponents.framework */; };
/* End PBXBuildFile section */

/* Begin PBXFileReference section */
		0FEAA0B139A84C5E5B477A55 /* Pods-MJRFlexStyleExamples.debug.xcconfig */ = {isa = PBXFileReference; includeInIndex = 1; lastKnownFileType = text.xcconfig; name = "Pods-MJRFlexStyleExamples.debug.xcconfig"; path = "Pods/Target Support Files/Pods-MJRFlexStyleExamples/Pods-MJRFlexStyleExamples.debug.xcconfig"; sourceTree = "<group>"; };
		22BD3094DC054D5C1054E0DD /* Pods-MJRFlexStyleExamples.release.xcconfig */ = {isa = PBXFileReference; includeInIndex = 1; lastKnownFileType = text.xcconfig; name = "Pods-MJRFlexStyleExamples.release.xcconfig"; path = "Pods/Target Support Files/Pods-MJRFlexStyleExamples/Pods-MJRFlexStyleExamples.release.xcconfig"; sourceTree = "<group>"; };
		5B0859DF1D7EE65500484E8F /* FlexTextView.swift */ = {isa = PBXFileReference; fileEncoding = 4; lastKnownFileType = sourcecode.swift; path = FlexTextView.swift; sourceTree = "<group>"; };
		5B0859E21D7EE84B00484E8F /* FlexTextViewDemoViewController.swift */ = {isa = PBXFileReference; fileEncoding = 4; lastKnownFileType = sourcecode.swift; path = FlexTextViewDemoViewController.swift; sourceTree = "<group>"; };
		5B12A8E01D72EBE50072D1E1 /* FlexImageView.swift */ = {isa = PBXFileReference; fileEncoding = 4; lastKnownFileType = sourcecode.swift; path = FlexImageView.swift; sourceTree = "<group>"; };
		5B12A8E31D73066E0072D1E1 /* ImageViewDemoViewController.swift */ = {isa = PBXFileReference; fileEncoding = 4; lastKnownFileType = sourcecode.swift; path = ImageViewDemoViewController.swift; sourceTree = "<group>"; };
		5B1EFC791D7047250040AD50 /* FlexViewMenu.swift */ = {isa = PBXFileReference; fileEncoding = 4; lastKnownFileType = sourcecode.swift; path = FlexViewMenu.swift; sourceTree = "<group>"; };
		5B3FF71E1E1136A10077A106 /* UIImageExtensions.swift */ = {isa = PBXFileReference; fileEncoding = 4; lastKnownFileType = sourcecode.swift; path = UIImageExtensions.swift; sourceTree = "<group>"; };
		5B3FF7211E13BC8C0077A106 /* FlexBaseStylingControl.swift */ = {isa = PBXFileReference; fileEncoding = 4; lastKnownFileType = sourcecode.swift; path = FlexBaseStylingControl.swift; sourceTree = "<group>"; };
		5B3FF7241E13BD9A0077A106 /* FlexShapeStyle.swift */ = {isa = PBXFileReference; fileEncoding = 4; lastKnownFileType = sourcecode.swift; path = FlexShapeStyle.swift; sourceTree = "<group>"; };
		5B3FF7281E13EDA50077A106 /* FlexBaseCollectionViewCellTextLabel.swift */ = {isa = PBXFileReference; fileEncoding = 4; lastKnownFileType = sourcecode.swift; path = FlexBaseCollectionViewCellTextLabel.swift; sourceTree = "<group>"; };
		5B3FF72B1E13EEF20077A106 /* FlexBaseCollectionViewCellAuxTextLabel.swift */ = {isa = PBXFileReference; fileEncoding = 4; lastKnownFileType = sourcecode.swift; path = FlexBaseCollectionViewCellAuxTextLabel.swift; sourceTree = "<group>"; };
		5B3FF72E1E13EF270077A106 /* FlexBaseCollectionViewCellInfoTextLabel.swift */ = {isa = PBXFileReference; fileEncoding = 4; lastKnownFileType = sourcecode.swift; path = FlexBaseCollectionViewCellInfoTextLabel.swift; sourceTree = "<group>"; };
		5B3FF7311E13EF500077A106 /* FlexBaseCollectionViewCellDetailTextLabel.swift */ = {isa = PBXFileReference; fileEncoding = 4; lastKnownFileType = sourcecode.swift; path = FlexBaseCollectionViewCellDetailTextLabel.swift; sourceTree = "<group>"; };
		5B3FF7351E15126C0077A106 /* FlexViewSupplementaryView.swift */ = {isa = PBXFileReference; fileEncoding = 4; lastKnownFileType = sourcecode.swift; path = FlexViewSupplementaryView.swift; sourceTree = "<group>"; };
		5B3FF7381E152C600077A106 /* FlexCellView.swift */ = {isa = PBXFileReference; fileEncoding = 4; lastKnownFileType = sourcecode.swift; path = FlexCellView.swift; sourceTree = "<group>"; };
		5B49AAF21D8E6CB0003C062E /* FlexLabel.swift */ = {isa = PBXFileReference; fileEncoding = 4; lastKnownFileType = sourcecode.swift; path = FlexLabel.swift; sourceTree = "<group>"; };
		5B53D0F21D5372010068BF04 /* FlexView.swift */ = {isa = PBXFileReference; fileEncoding = 4; lastKnownFileType = sourcecode.swift; path = FlexView.swift; sourceTree = "<group>"; };
		5B53D0F51D5393520068BF04 /* ViewsDemoViewController.swift */ = {isa = PBXFileReference; fileEncoding = 4; lastKnownFileType = sourcecode.swift; path = ViewsDemoViewController.swift; sourceTree = "<group>"; };
		5B6CF1581D48E8DD00291D8B /* MKColor.swift */ = {isa = PBXFileReference; fileEncoding = 4; lastKnownFileType = sourcecode.swift; path = MKColor.swift; sourceTree = "<group>"; };
		5B72347C1E2CBFB10089A4E7 /* FlexButtonCollectionItem.swift */ = {isa = PBXFileReference; fileEncoding = 4; lastKnownFileType = sourcecode.swift; path = FlexButtonCollectionItem.swift; sourceTree = "<group>"; };
		5B72347F1E2CC0A60089A4E7 /* FlexButtonCollectionViewCell.swift */ = {isa = PBXFileReference; fileEncoding = 4; lastKnownFileType = sourcecode.swift; path = FlexButtonCollectionViewCell.swift; sourceTree = "<group>"; };
		5B7234821E2CE49B0089A4E7 /* FlexHeaderView.swift */ = {isa = PBXFileReference; fileEncoding = 4; lastKnownFileType = sourcecode.swift; path = FlexHeaderView.swift; sourceTree = "<group>"; };
		5B7234851E2CE4AC0089A4E7 /* FlexFooterView.swift */ = {isa = PBXFileReference; fileEncoding = 4; lastKnownFileType = sourcecode.swift; path = FlexFooterView.swift; sourceTree = "<group>"; };
		5B72349D1E3395990089A4E7 /* FlexMenuCollectionItem.swift */ = {isa = PBXFileReference; fileEncoding = 4; lastKnownFileType = sourcecode.swift; path = FlexMenuCollectionItem.swift; sourceTree = "<group>"; };
		5B72349E1E3395990089A4E7 /* FlexMenuCollectionViewCell.swift */ = {isa = PBXFileReference; fileEncoding = 4; lastKnownFileType = sourcecode.swift; path = FlexMenuCollectionViewCell.swift; sourceTree = "<group>"; };
		5B9936D61D3A57620043E573 /* StyledSliderThumbList.swift */ = {isa = PBXFileReference; fileEncoding = 4; lastKnownFileType = sourcecode.swift; path = StyledSliderThumbList.swift; sourceTree = "<group>"; };
		5B9936D81D3A578B0043E573 /* StyledControlDirection.swift */ = {isa = PBXFileReference; fileEncoding = 4; lastKnownFileType = sourcecode.swift; path = StyledControlDirection.swift; sourceTree = "<group>"; };
		5B9936FC1D3A9E210043E573 /* MJRFlexStyleExamples.app */ = {isa = PBXFileReference; explicitFileType = wrapper.application; includeInIndex = 0; path = MJRFlexStyleExamples.app; sourceTree = BUILT_PRODUCTS_DIR; };
		5B9936FE1D3A9E210043E573 /* AppDelegate.swift */ = {isa = PBXFileReference; lastKnownFileType = sourcecode.swift; path = AppDelegate.swift; sourceTree = "<group>"; };
		5B9937001D3A9E210043E573 /* ViewController.swift */ = {isa = PBXFileReference; lastKnownFileType = sourcecode.swift; path = ViewController.swift; sourceTree = "<group>"; };
		5B9937031D3A9E210043E573 /* Base */ = {isa = PBXFileReference; lastKnownFileType = file.storyboard; name = Base; path = Base.lproj/Main.storyboard; sourceTree = "<group>"; };
		5B9937051D3A9E210043E573 /* Assets.xcassets */ = {isa = PBXFileReference; lastKnownFileType = folder.assetcatalog; path = Assets.xcassets; sourceTree = "<group>"; };
		5B9937081D3A9E210043E573 /* Base */ = {isa = PBXFileReference; lastKnownFileType = file.storyboard; name = Base; path = Base.lproj/LaunchScreen.storyboard; sourceTree = "<group>"; };
		5B99370A1D3A9E220043E573 /* Info.plist */ = {isa = PBXFileReference; lastKnownFileType = text.plist.xml; path = Info.plist; sourceTree = "<group>"; };
		5B9F2C5D1D31616200B096B5 /* SnappingThumbBehaviour.swift */ = {isa = PBXFileReference; fileEncoding = 4; lastKnownFileType = sourcecode.swift; path = SnappingThumbBehaviour.swift; sourceTree = "<group>"; };
		5B9F2C5F1D32352600B096B5 /* StyledSliderThumb.swift */ = {isa = PBXFileReference; fileEncoding = 4; lastKnownFileType = sourcecode.swift; path = StyledSliderThumb.swift; sourceTree = "<group>"; };
		5BAD34E31E5055380078FEE8 /* FlexCardViewCollectionItem.swift */ = {isa = PBXFileReference; fileEncoding = 4; lastKnownFileType = sourcecode.swift; path = FlexCardViewCollectionItem.swift; sourceTree = "<group>"; };
		5BAD34E61E50557F0078FEE8 /* FlexCardViewCollectionViewCell.swift */ = {isa = PBXFileReference; fileEncoding = 4; lastKnownFileType = sourcecode.swift; path = FlexCardViewCollectionViewCell.swift; sourceTree = "<group>"; };
		5BAD34E91E5058970078FEE8 /* UITextView+Defaults.swift */ = {isa = PBXFileReference; fileEncoding = 4; lastKnownFileType = sourcecode.swift; path = "UITextView+Defaults.swift"; sourceTree = "<group>"; };
		5BAD34EC1E5059470078FEE8 /* UITextView+Alignment.swift */ = {isa = PBXFileReference; fileEncoding = 4; lastKnownFileType = sourcecode.swift; path = "UITextView+Alignment.swift"; sourceTree = "<group>"; };
		5BAD34EF1E5068840078FEE8 /* FlexCardTextViewCollectionViewCell.swift */ = {isa = PBXFileReference; fileEncoding = 4; lastKnownFileType = sourcecode.swift; path = FlexCardTextViewCollectionViewCell.swift; sourceTree = "<group>"; };
		5BAD34F21E5069BB0078FEE8 /* FlexCardTextViewCollectionItem.swift */ = {isa = PBXFileReference; fileEncoding = 4; lastKnownFileType = sourcecode.swift; path = FlexCardTextViewCollectionItem.swift; sourceTree = "<group>"; };
		5BADC33D1DACDFF7009B899E /* FlexTextViewCollectionItem.swift */ = {isa = PBXFileReference; fileEncoding = 4; lastKnownFileType = sourcecode.swift; path = FlexTextViewCollectionItem.swift; sourceTree = "<group>"; };
		5BADC3401DACE23D009B899E /* FlexTextViewCollectionViewCell.swift */ = {isa = PBXFileReference; fileEncoding = 4; lastKnownFileType = sourcecode.swift; path = FlexTextViewCollectionViewCell.swift; sourceTree = "<group>"; };
		5BADFC5B1DA8C9DA004A5D12 /* FlexSliderCollectionItem.swift */ = {isa = PBXFileReference; fileEncoding = 4; lastKnownFileType = sourcecode.swift; path = FlexSliderCollectionItem.swift; sourceTree = "<group>"; };
		5BADFC5E1DA8CA33004A5D12 /* FlexSliderCollectionViewCell.swift */ = {isa = PBXFileReference; fileEncoding = 4; lastKnownFileType = sourcecode.swift; path = FlexSliderCollectionViewCell.swift; sourceTree = "<group>"; };
		5BADFC611DA8E151004A5D12 /* FlexControlLayoutHelper.swift */ = {isa = PBXFileReference; fileEncoding = 4; lastKnownFileType = sourcecode.swift; path = FlexControlLayoutHelper.swift; sourceTree = "<group>"; };
		5BB1141B1DB8CA9700719EEB /* FlexImageCollectionViewCell.swift */ = {isa = PBXFileReference; fileEncoding = 4; lastKnownFileType = sourcecode.swift; path = FlexImageCollectionViewCell.swift; sourceTree = "<group>"; };
		5BB1141E1DB8CADB00719EEB /* FlexImageCollectionItem.swift */ = {isa = PBXFileReference; fileEncoding = 4; lastKnownFileType = sourcecode.swift; path = FlexImageCollectionItem.swift; sourceTree = "<group>"; };
		5BB114211DB8F7FD00719EEB /* NSAttributedStringExtension.swift */ = {isa = PBXFileReference; fileEncoding = 4; lastKnownFileType = sourcecode.swift; path = NSAttributedStringExtension.swift; sourceTree = "<group>"; };
		5BB2A61C1DA7A72E003D38C3 /* FlexColorCollectionViewCell.swift */ = {isa = PBXFileReference; fileEncoding = 4; lastKnownFileType = sourcecode.swift; path = FlexColorCollectionViewCell.swift; sourceTree = "<group>"; };
		5BB2A61F1DA7A774003D38C3 /* FlexColorCollectionItem.swift */ = {isa = PBXFileReference; fileEncoding = 4; lastKnownFileType = sourcecode.swift; path = FlexColorCollectionItem.swift; sourceTree = "<group>"; };
		5BB2A6221DA7D296003D38C3 /* FlexSwitchCollectionViewCell.swift */ = {isa = PBXFileReference; fileEncoding = 4; lastKnownFileType = sourcecode.swift; path = FlexSwitchCollectionViewCell.swift; sourceTree = "<group>"; };
		5BB2A6251DA7D2E9003D38C3 /* FlexSwitchCollectionItem.swift */ = {isa = PBXFileReference; fileEncoding = 4; lastKnownFileType = sourcecode.swift; path = FlexSwitchCollectionItem.swift; sourceTree = "<group>"; };
		5BB3660F1DBA382500C26FC0 /* StringExtension.swift */ = {isa = PBXFileReference; fileEncoding = 4; lastKnownFileType = sourcecode.swift; path = StringExtension.swift; sourceTree = "<group>"; };
		5BB91C8A1DA3955900A94D12 /* FlexCollectionSection.swift */ = {isa = PBXFileReference; fileEncoding = 4; lastKnownFileType = sourcecode.swift; path = FlexCollectionSection.swift; sourceTree = "<group>"; };
		5BB91C8B1DA3955900A94D12 /* FlexCollectionItem.swift */ = {isa = PBXFileReference; fileEncoding = 4; lastKnownFileType = sourcecode.swift; path = FlexCollectionItem.swift; sourceTree = "<group>"; };
		5BB91C8C1DA3955900A94D12 /* EmptyHeaderCollectionReusableView.swift */ = {isa = PBXFileReference; fileEncoding = 4; lastKnownFileType = sourcecode.swift; path = EmptyHeaderCollectionReusableView.swift; sourceTree = "<group>"; };
		5BB91C8D1DA3955900A94D12 /* SimpleHeaderCollectionReusableView.swift */ = {isa = PBXFileReference; fileEncoding = 4; lastKnownFileType = sourcecode.swift; path = SimpleHeaderCollectionReusableView.swift; sourceTree = "<group>"; };
		5BB91C8E1DA3955900A94D12 /* FlexCollectionView.swift */ = {isa = PBXFileReference; fileEncoding = 4; lastKnownFileType = sourcecode.swift; path = FlexCollectionView.swift; sourceTree = "<group>"; };
		5BB91C8F1DA3955900A94D12 /* FlexCollectionViewCell.swift */ = {isa = PBXFileReference; fileEncoding = 4; lastKnownFileType = sourcecode.swift; path = FlexCollectionViewCell.swift; sourceTree = "<group>"; };
		5BB91CA11DA39E0F00A94D12 /* ImageShapeLayerFactory.swift */ = {isa = PBXFileReference; fileEncoding = 4; lastKnownFileType = sourcecode.swift; path = ImageShapeLayerFactory.swift; sourceTree = "<group>"; };
		5BB91CA51DA3D8F600A94D12 /* FlexBaseCollectionViewCell.swift */ = {isa = PBXFileReference; fileEncoding = 4; lastKnownFileType = sourcecode.swift; path = FlexBaseCollectionViewCell.swift; sourceTree = "<group>"; };
		5BB91CA81DA3DC3500A94D12 /* FlexBaseCollectionItem.swift */ = {isa = PBXFileReference; fileEncoding = 4; lastKnownFileType = sourcecode.swift; path = FlexBaseCollectionItem.swift; sourceTree = "<group>"; };
		5BC284221DA66689004E1731 /* FlexCollectionDemoViewController.swift */ = {isa = PBXFileReference; fileEncoding = 4; lastKnownFileType = sourcecode.swift; path = FlexCollectionDemoViewController.swift; sourceTree = "<group>"; };
		5BC4B9AF1D520E7F0000421F /* FlexBaseControl.swift */ = {isa = PBXFileReference; fileEncoding = 4; lastKnownFileType = sourcecode.swift; path = FlexBaseControl.swift; sourceTree = "<group>"; };
		5BD460401DA100B0001FA9B3 /* CGRectHelper.swift */ = {isa = PBXFileReference; fileEncoding = 4; lastKnownFileType = sourcecode.swift; path = CGRectHelper.swift; sourceTree = "<group>"; };
		5BD460461DA10A56001FA9B3 /* FlexImageShapeView.swift */ = {isa = PBXFileReference; fileEncoding = 4; lastKnownFileType = sourcecode.swift; path = FlexImageShapeView.swift; sourceTree = "<group>"; };
		5BD460491DA1109E001FA9B3 /* ImageShapeDemoViewController.swift */ = {isa = PBXFileReference; fileEncoding = 4; lastKnownFileType = sourcecode.swift; path = ImageShapeDemoViewController.swift; sourceTree = "<group>"; };
		5BE448481D41F6DB0011E5AE /* PositionUpdateTimer.swift */ = {isa = PBXFileReference; fileEncoding = 4; lastKnownFileType = sourcecode.swift; path = PositionUpdateTimer.swift; sourceTree = "<group>"; };
		5BE4484C1D42160E0011E5AE /* StyledSliderThumbBehaviour.swift */ = {isa = PBXFileReference; fileEncoding = 4; lastKnownFileType = sourcecode.swift; path = StyledSliderThumbBehaviour.swift; sourceTree = "<group>"; };
		5BE4484F1D4220830011E5AE /* LabelFactory.swift */ = {isa = PBXFileReference; fileEncoding = 4; lastKnownFileType = sourcecode.swift; path = LabelFactory.swift; sourceTree = "<group>"; };
		5BE448521D4381C90011E5AE /* FlexSwitch.swift */ = {isa = PBXFileReference; fileEncoding = 4; lastKnownFileType = sourcecode.swift; path = FlexSwitch.swift; sourceTree = "<group>"; };
		5BE448591D44C71D0011E5AE /* FlexMenu.swift */ = {isa = PBXFileReference; fileEncoding = 4; lastKnownFileType = sourcecode.swift; path = FlexMenu.swift; sourceTree = "<group>"; };
		5BE4485C1D44C8D80011E5AE /* FlexMenuItem.swift */ = {isa = PBXFileReference; fileEncoding = 4; lastKnownFileType = sourcecode.swift; path = FlexMenuItem.swift; sourceTree = "<group>"; };
		5BE448621D450DC20011E5AE /* FlexSeriesView.swift */ = {isa = PBXFileReference; fileEncoding = 4; lastKnownFileType = sourcecode.swift; path = FlexSeriesView.swift; sourceTree = "<group>"; };
		5BE448661D474DFD0011E5AE /* BezierPathHelper.swift */ = {isa = PBXFileReference; fileEncoding = 4; lastKnownFileType = sourcecode.swift; path = BezierPathHelper.swift; sourceTree = "<group>"; };
		5BE448691D4760EE0011E5AE /* FlexSlider.swift */ = {isa = PBXFileReference; fileEncoding = 4; lastKnownFileType = sourcecode.swift; path = FlexSlider.swift; sourceTree = "<group>"; };
		5BE4486C1D478E9A0011E5AE /* FlexDoubleSlider.swift */ = {isa = PBXFileReference; fileEncoding = 4; lastKnownFileType = sourcecode.swift; path = FlexDoubleSlider.swift; sourceTree = "<group>"; };
		5BE64CE21E4B279B00CD0271 /* FlexTextFieldCollectionViewCell.swift */ = {isa = PBXFileReference; fileEncoding = 4; lastKnownFileType = sourcecode.swift; path = FlexTextFieldCollectionViewCell.swift; sourceTree = "<group>"; };
		5BE64CE51E4B280E00CD0271 /* FlexTextFieldCollectionItem.swift */ = {isa = PBXFileReference; fileEncoding = 4; lastKnownFileType = sourcecode.swift; path = FlexTextFieldCollectionItem.swift; sourceTree = "<group>"; };
		5BEAF3221D6851B600BF5D83 /* MenusDemoViewController.swift */ = {isa = PBXFileReference; fileEncoding = 4; lastKnownFileType = sourcecode.swift; path = MenusDemoViewController.swift; sourceTree = "<group>"; };
		5BF702081D3113D50011555A /* MJRFlexStyleComponents.framework */ = {isa = PBXFileReference; explicitFileType = wrapper.framework; includeInIndex = 0; path = MJRFlexStyleComponents.framework; sourceTree = BUILT_PRODUCTS_DIR; };
		5BF7020B1D3113D50011555A /* MJRFlexStyleComponents.h */ = {isa = PBXFileReference; lastKnownFileType = sourcecode.c.h; path = MJRFlexStyleComponents.h; sourceTree = "<group>"; };
		5BF7020D1D3113D50011555A /* Info.plist */ = {isa = PBXFileReference; lastKnownFileType = text.plist.xml; path = Info.plist; sourceTree = "<group>"; };
		5BF702141D3116AC0011555A /* GenericStyleSlider.swift */ = {isa = PBXFileReference; fileEncoding = 4; lastKnownFileType = sourcecode.swift; path = GenericStyleSlider.swift; sourceTree = "<group>"; };
		7EB58092D6A64F2179A05BD8 /* Pods_MJRFlexStyleExamples.framework */ = {isa = PBXFileReference; explicitFileType = wrapper.framework; includeInIndex = 0; path = Pods_MJRFlexStyleExamples.framework; sourceTree = BUILT_PRODUCTS_DIR; };
		9856108FF8086D2E71C91A8F /* Pods-MJRFlexStyleComponents.debug.xcconfig */ = {isa = PBXFileReference; includeInIndex = 1; lastKnownFileType = text.xcconfig; name = "Pods-MJRFlexStyleComponents.debug.xcconfig"; path = "Pods/Target Support Files/Pods-MJRFlexStyleComponents/Pods-MJRFlexStyleComponents.debug.xcconfig"; sourceTree = "<group>"; };
		CBA4AE8894BEEEC2FBF998DE /* Pods-MJRFlexStyleComponents.release.xcconfig */ = {isa = PBXFileReference; includeInIndex = 1; lastKnownFileType = text.xcconfig; name = "Pods-MJRFlexStyleComponents.release.xcconfig"; path = "Pods/Target Support Files/Pods-MJRFlexStyleComponents/Pods-MJRFlexStyleComponents.release.xcconfig"; sourceTree = "<group>"; };
		E0532D1798B2537BC02B786B /* Pods_MJRFlexStyleComponents.framework */ = {isa = PBXFileReference; explicitFileType = wrapper.framework; includeInIndex = 0; path = Pods_MJRFlexStyleComponents.framework; sourceTree = BUILT_PRODUCTS_DIR; };
/* End PBXFileReference section */

/* Begin PBXFrameworksBuildPhase section */
		5B9936F91D3A9E210043E573 /* Frameworks */ = {
			isa = PBXFrameworksBuildPhase;
			buildActionMask = 2147483647;
			files = (
				02C7A0C6F31C44B6874EDD09 /* Pods_MJRFlexStyleExamples.framework in Frameworks */,
			);
			runOnlyForDeploymentPostprocessing = 0;
		};
		5BF702041D3113D50011555A /* Frameworks */ = {
			isa = PBXFrameworksBuildPhase;
			buildActionMask = 2147483647;
			files = (
				C3AC2488CF774B6B1EEC5265 /* Pods_MJRFlexStyleComponents.framework in Frameworks */,
			);
			runOnlyForDeploymentPostprocessing = 0;
		};
/* End PBXFrameworksBuildPhase section */

/* Begin PBXGroup section */
		30F22389316036B00125166F /* Frameworks */ = {
			isa = PBXGroup;
			children = (
				E0532D1798B2537BC02B786B /* Pods_MJRFlexStyleComponents.framework */,
				7EB58092D6A64F2179A05BD8 /* Pods_MJRFlexStyleExamples.framework */,
			);
			name = Frameworks;
			sourceTree = "<group>";
		};
		5B3FF7201E13BC4E0077A106 /* BaseUI */ = {
			isa = PBXGroup;
			children = (
				5B3FF7241E13BD9A0077A106 /* FlexShapeStyle.swift */,
				5B3FF7211E13BC8C0077A106 /* FlexBaseStylingControl.swift */,
				5BC4B9AF1D520E7F0000421F /* FlexBaseControl.swift */,
			);
			name = BaseUI;
			sourceTree = "<group>";
		};
		5B3FF7271E13EA7E0077A106 /* Inner Components */ = {
			isa = PBXGroup;
			children = (
				5B3FF7281E13EDA50077A106 /* FlexBaseCollectionViewCellTextLabel.swift */,
				5B3FF72B1E13EEF20077A106 /* FlexBaseCollectionViewCellAuxTextLabel.swift */,
				5B3FF72E1E13EF270077A106 /* FlexBaseCollectionViewCellInfoTextLabel.swift */,
				5B3FF7311E13EF500077A106 /* FlexBaseCollectionViewCellDetailTextLabel.swift */,
				5B3FF7381E152C600077A106 /* FlexCellView.swift */,
			);
			name = "Inner Components";
			sourceTree = "<group>";
		};
		5B3FF7341E1512140077A106 /* Flex View */ = {
			isa = PBXGroup;
			children = (
				5B3FF7351E15126C0077A106 /* FlexViewSupplementaryView.swift */,
				5B7234821E2CE49B0089A4E7 /* FlexHeaderView.swift */,
				5B7234851E2CE4AC0089A4E7 /* FlexFooterView.swift */,
				5B53D0F21D5372010068BF04 /* FlexView.swift */,
			);
			name = "Flex View";
			sourceTree = "<group>";
		};
		5B9936FD1D3A9E210043E573 /* MJRFlexStyleExamples */ = {
			isa = PBXGroup;
			children = (
				5B3FF71E1E1136A10077A106 /* UIImageExtensions.swift */,
				5B6CF1581D48E8DD00291D8B /* MKColor.swift */,
				5B9936FE1D3A9E210043E573 /* AppDelegate.swift */,
				5B9937001D3A9E210043E573 /* ViewController.swift */,
				5B53D0F51D5393520068BF04 /* ViewsDemoViewController.swift */,
				5BEAF3221D6851B600BF5D83 /* MenusDemoViewController.swift */,
				5B12A8E31D73066E0072D1E1 /* ImageViewDemoViewController.swift */,
				5B0859E21D7EE84B00484E8F /* FlexTextViewDemoViewController.swift */,
				5BD460491DA1109E001FA9B3 /* ImageShapeDemoViewController.swift */,
				5BC284221DA66689004E1731 /* FlexCollectionDemoViewController.swift */,
				5B9937021D3A9E210043E573 /* Main.storyboard */,
				5B9937051D3A9E210043E573 /* Assets.xcassets */,
				5B9937071D3A9E210043E573 /* LaunchScreen.storyboard */,
				5B99370A1D3A9E220043E573 /* Info.plist */,
			);
			path = MJRFlexStyleExamples;
			sourceTree = "<group>";
		};
		5BB91C891DA3952100A94D12 /* Flex Collection */ = {
			isa = PBXGroup;
			children = (
				5B3FF7271E13EA7E0077A106 /* Inner Components */,
				5BB91CA41DA3D87E00A94D12 /* Headers */,
				5BB91CA01DA3980E00A94D12 /* Cells */,
				5BB91C9F1DA3980300A94D12 /* Model */,
				5BB91C8E1DA3955900A94D12 /* FlexCollectionView.swift */,
			);
			name = "Flex Collection";
			sourceTree = "<group>";
		};
		5BB91C9F1DA3980300A94D12 /* Model */ = {
			isa = PBXGroup;
			children = (
				5BB91C8A1DA3955900A94D12 /* FlexCollectionSection.swift */,
				5BB91C8B1DA3955900A94D12 /* FlexCollectionItem.swift */,
				5BB91CA81DA3DC3500A94D12 /* FlexBaseCollectionItem.swift */,
				5BADC33D1DACDFF7009B899E /* FlexTextViewCollectionItem.swift */,
				5BE64CE51E4B280E00CD0271 /* FlexTextFieldCollectionItem.swift */,
				5BB2A61F1DA7A774003D38C3 /* FlexColorCollectionItem.swift */,
				5BB2A6251DA7D2E9003D38C3 /* FlexSwitchCollectionItem.swift */,
				5BADFC5B1DA8C9DA004A5D12 /* FlexSliderCollectionItem.swift */,
				5BB1141E1DB8CADB00719EEB /* FlexImageCollectionItem.swift */,
				5B72347C1E2CBFB10089A4E7 /* FlexButtonCollectionItem.swift */,
				5B72349D1E3395990089A4E7 /* FlexMenuCollectionItem.swift */,
				5BAD34E31E5055380078FEE8 /* FlexCardViewCollectionItem.swift */,
				5BAD34F21E5069BB0078FEE8 /* FlexCardTextViewCollectionItem.swift */,
			);
			name = Model;
			sourceTree = "<group>";
		};
		5BB91CA01DA3980E00A94D12 /* Cells */ = {
			isa = PBXGroup;
			children = (
				5BB91C8F1DA3955900A94D12 /* FlexCollectionViewCell.swift */,
				5BB91CA51DA3D8F600A94D12 /* FlexBaseCollectionViewCell.swift */,
				5BADC3401DACE23D009B899E /* FlexTextViewCollectionViewCell.swift */,
				5BE64CE21E4B279B00CD0271 /* FlexTextFieldCollectionViewCell.swift */,
				5BB2A61C1DA7A72E003D38C3 /* FlexColorCollectionViewCell.swift */,
				5BB2A6221DA7D296003D38C3 /* FlexSwitchCollectionViewCell.swift */,
				5BADFC5E1DA8CA33004A5D12 /* FlexSliderCollectionViewCell.swift */,
				5BB1141B1DB8CA9700719EEB /* FlexImageCollectionViewCell.swift */,
				5B72347F1E2CC0A60089A4E7 /* FlexButtonCollectionViewCell.swift */,
				5B72349E1E3395990089A4E7 /* FlexMenuCollectionViewCell.swift */,
				5BAD34E61E50557F0078FEE8 /* FlexCardViewCollectionViewCell.swift */,
				5BAD34EF1E5068840078FEE8 /* FlexCardTextViewCollectionViewCell.swift */,
			);
			name = Cells;
			sourceTree = "<group>";
		};
		5BB91CA41DA3D87E00A94D12 /* Headers */ = {
			isa = PBXGroup;
			children = (
				5BB91C8C1DA3955900A94D12 /* EmptyHeaderCollectionReusableView.swift */,
				5BB91C8D1DA3955900A94D12 /* SimpleHeaderCollectionReusableView.swift */,
			);
			name = Headers;
			sourceTree = "<group>";
		};
		5BD4603E1DA0FFD4001FA9B3 /* Flex Views */ = {
			isa = PBXGroup;
			children = (
				5B3FF7341E1512140077A106 /* Flex View */,
				5BB91C891DA3952100A94D12 /* Flex Collection */,
				5BE448621D450DC20011E5AE /* FlexSeriesView.swift */,
				5B1EFC791D7047250040AD50 /* FlexViewMenu.swift */,
				5B12A8E01D72EBE50072D1E1 /* FlexImageView.swift */,
				5B0859DF1D7EE65500484E8F /* FlexTextView.swift */,
				5BD460461DA10A56001FA9B3 /* FlexImageShapeView.swift */,
			);
			name = "Flex Views";
			sourceTree = "<group>";
		};
		5BD4603F1DA1004A001FA9B3 /* Flex Controls */ = {
			isa = PBXGroup;
			children = (
				5B49AAF21D8E6CB0003C062E /* FlexLabel.swift */,
				5BE448521D4381C90011E5AE /* FlexSwitch.swift */,
				5BE4485C1D44C8D80011E5AE /* FlexMenuItem.swift */,
				5BE448591D44C71D0011E5AE /* FlexMenu.swift */,
				5BE448691D4760EE0011E5AE /* FlexSlider.swift */,
				5BE4486C1D478E9A0011E5AE /* FlexDoubleSlider.swift */,
			);
			name = "Flex Controls";
			sourceTree = "<group>";
		};
		5BE4484B1D41F8080011E5AE /* Helper */ = {
			isa = PBXGroup;
			children = (
				5BB3660F1DBA382500C26FC0 /* StringExtension.swift */,
				5BB114211DB8F7FD00719EEB /* NSAttributedStringExtension.swift */,
				5B9F2C5D1D31616200B096B5 /* SnappingThumbBehaviour.swift */,
				5BE448481D41F6DB0011E5AE /* PositionUpdateTimer.swift */,
				5BE4484F1D4220830011E5AE /* LabelFactory.swift */,
				5BADFC611DA8E151004A5D12 /* FlexControlLayoutHelper.swift */,
			);
			name = Helper;
			sourceTree = "<group>";
		};
		5BE448551D44A7900011E5AE /* StyledComponents */ = {
			isa = PBXGroup;
			children = (
				5BE4484C1D42160E0011E5AE /* StyledSliderThumbBehaviour.swift */,
				5B9F2C5F1D32352600B096B5 /* StyledSliderThumb.swift */,
				5B9936D61D3A57620043E573 /* StyledSliderThumbList.swift */,
				5B9936D81D3A578B0043E573 /* StyledControlDirection.swift */,
			);
			name = StyledComponents;
			sourceTree = "<group>";
		};
		5BE448651D474DE20011E5AE /* Helper */ = {
			isa = PBXGroup;
			children = (
				5BD460401DA100B0001FA9B3 /* CGRectHelper.swift */,
				5BE448661D474DFD0011E5AE /* BezierPathHelper.swift */,
				5BB91CA11DA39E0F00A94D12 /* ImageShapeLayerFactory.swift */,
				5BAD34E91E5058970078FEE8 /* UITextView+Defaults.swift */,
				5BAD34EC1E5059470078FEE8 /* UITextView+Alignment.swift */,
			);
			name = Helper;
			sourceTree = "<group>";
		};
		5BF701FE1D3113D50011555A = {
			isa = PBXGroup;
			children = (
				5BF7020A1D3113D50011555A /* MJRFlexStyleComponents */,
				5B9936FD1D3A9E210043E573 /* MJRFlexStyleExamples */,
				5BF702091D3113D50011555A /* Products */,
				DC3841E20CEE4A0AC10B1A32 /* Pods */,
				30F22389316036B00125166F /* Frameworks */,
			);
			sourceTree = "<group>";
		};
		5BF702091D3113D50011555A /* Products */ = {
			isa = PBXGroup;
			children = (
				5BF702081D3113D50011555A /* MJRFlexStyleComponents.framework */,
				5B9936FC1D3A9E210043E573 /* MJRFlexStyleExamples.app */,
			);
			name = Products;
			sourceTree = "<group>";
		};
		5BF7020A1D3113D50011555A /* MJRFlexStyleComponents */ = {
			isa = PBXGroup;
			children = (
				5B3FF7201E13BC4E0077A106 /* BaseUI */,
				5BE448651D474DE20011E5AE /* Helper */,
				5BD4603F1DA1004A001FA9B3 /* Flex Controls */,
				5BD4603E1DA0FFD4001FA9B3 /* Flex Views */,
				5BF702131D3114CB0011555A /* GenericStyleSlider */,
				5BF7020B1D3113D50011555A /* MJRFlexStyleComponents.h */,
				5BF7020D1D3113D50011555A /* Info.plist */,
			);
			path = MJRFlexStyleComponents;
			sourceTree = "<group>";
		};
		5BF702131D3114CB0011555A /* GenericStyleSlider */ = {
			isa = PBXGroup;
			children = (
				5BE448551D44A7900011E5AE /* StyledComponents */,
				5BE4484B1D41F8080011E5AE /* Helper */,
				5BF702141D3116AC0011555A /* GenericStyleSlider.swift */,
			);
			name = GenericStyleSlider;
			sourceTree = "<group>";
		};
		DC3841E20CEE4A0AC10B1A32 /* Pods */ = {
			isa = PBXGroup;
			children = (
				9856108FF8086D2E71C91A8F /* Pods-MJRFlexStyleComponents.debug.xcconfig */,
				CBA4AE8894BEEEC2FBF998DE /* Pods-MJRFlexStyleComponents.release.xcconfig */,
				0FEAA0B139A84C5E5B477A55 /* Pods-MJRFlexStyleExamples.debug.xcconfig */,
				22BD3094DC054D5C1054E0DD /* Pods-MJRFlexStyleExamples.release.xcconfig */,
			);
			name = Pods;
			sourceTree = "<group>";
		};
/* End PBXGroup section */

/* Begin PBXHeadersBuildPhase section */
		5BF702051D3113D50011555A /* Headers */ = {
			isa = PBXHeadersBuildPhase;
			buildActionMask = 2147483647;
			files = (
				5BF7020C1D3113D50011555A /* MJRFlexStyleComponents.h in Headers */,
			);
			runOnlyForDeploymentPostprocessing = 0;
		};
/* End PBXHeadersBuildPhase section */

/* Begin PBXNativeTarget section */
		5B9936FB1D3A9E210043E573 /* MJRFlexStyleExamples */ = {
			isa = PBXNativeTarget;
			buildConfigurationList = 5B99370B1D3A9E220043E573 /* Build configuration list for PBXNativeTarget "MJRFlexStyleExamples" */;
			buildPhases = (
				83AFB0C0B05DF15F607DAA46 /* [CP] Check Pods Manifest.lock */,
				5B9936F81D3A9E210043E573 /* Sources */,
				5B9936F91D3A9E210043E573 /* Frameworks */,
				5B9936FA1D3A9E210043E573 /* Resources */,
				16E2C1561A708AFEEBFB6A9A /* [CP] Embed Pods Frameworks */,
				29C17148C602A56B05952AC4 /* [CP] Copy Pods Resources */,
			);
			buildRules = (
			);
			dependencies = (
			);
			name = MJRFlexStyleExamples;
			productName = MJRFlexStyleExamples;
			productReference = 5B9936FC1D3A9E210043E573 /* MJRFlexStyleExamples.app */;
			productType = "com.apple.product-type.application";
		};
		5BF702071D3113D50011555A /* MJRFlexStyleComponents */ = {
			isa = PBXNativeTarget;
			buildConfigurationList = 5BF702101D3113D50011555A /* Build configuration list for PBXNativeTarget "MJRFlexStyleComponents" */;
			buildPhases = (
				663A2308D4E6594C2DA7D7D5 /* [CP] Check Pods Manifest.lock */,
				5BF702031D3113D50011555A /* Sources */,
				5BF702041D3113D50011555A /* Frameworks */,
				5BF702051D3113D50011555A /* Headers */,
				5BF702061D3113D50011555A /* Resources */,
				7C3CEE812D5BE1FCD59F87A1 /* [CP] Copy Pods Resources */,
			);
			buildRules = (
			);
			dependencies = (
			);
			name = MJRFlexStyleComponents;
			productName = MJRFlexStyleComponents;
			productReference = 5BF702081D3113D50011555A /* MJRFlexStyleComponents.framework */;
			productType = "com.apple.product-type.framework";
		};
/* End PBXNativeTarget section */

/* Begin PBXProject section */
		5BF701FF1D3113D50011555A /* Project object */ = {
			isa = PBXProject;
			attributes = {
				LastSwiftUpdateCheck = 0730;
				LastUpgradeCheck = 0820;
				ORGANIZATIONNAME = "Martin Rehder";
				TargetAttributes = {
					5B9936FB1D3A9E210043E573 = {
						CreatedOnToolsVersion = 7.3.1;
						LastSwiftMigration = 0810;
					};
					5BF702071D3113D50011555A = {
						CreatedOnToolsVersion = 7.3.1;
						LastSwiftMigration = 0810;
					};
				};
			};
			buildConfigurationList = 5BF702021D3113D50011555A /* Build configuration list for PBXProject "MJRFlexStyleComponents" */;
			compatibilityVersion = "Xcode 3.2";
			developmentRegion = English;
			hasScannedForEncodings = 0;
			knownRegions = (
				en,
				Base,
			);
			mainGroup = 5BF701FE1D3113D50011555A;
			productRefGroup = 5BF702091D3113D50011555A /* Products */;
			projectDirPath = "";
			projectRoot = "";
			targets = (
				5BF702071D3113D50011555A /* MJRFlexStyleComponents */,
				5B9936FB1D3A9E210043E573 /* MJRFlexStyleExamples */,
			);
		};
/* End PBXProject section */

/* Begin PBXResourcesBuildPhase section */
		5B9936FA1D3A9E210043E573 /* Resources */ = {
			isa = PBXResourcesBuildPhase;
			buildActionMask = 2147483647;
			files = (
				5B9937091D3A9E220043E573 /* LaunchScreen.storyboard in Resources */,
				5B9937061D3A9E210043E573 /* Assets.xcassets in Resources */,
				5B9937041D3A9E210043E573 /* Main.storyboard in Resources */,
			);
			runOnlyForDeploymentPostprocessing = 0;
		};
		5BF702061D3113D50011555A /* Resources */ = {
			isa = PBXResourcesBuildPhase;
			buildActionMask = 2147483647;
			files = (
			);
			runOnlyForDeploymentPostprocessing = 0;
		};
/* End PBXResourcesBuildPhase section */

/* Begin PBXShellScriptBuildPhase section */
		16E2C1561A708AFEEBFB6A9A /* [CP] Embed Pods Frameworks */ = {
			isa = PBXShellScriptBuildPhase;
			buildActionMask = 2147483647;
			files = (
			);
			inputPaths = (
			);
			name = "[CP] Embed Pods Frameworks";
			outputPaths = (
			);
			runOnlyForDeploymentPostprocessing = 0;
			shellPath = /bin/sh;
			shellScript = "\"${SRCROOT}/Pods/Target Support Files/Pods-MJRFlexStyleExamples/Pods-MJRFlexStyleExamples-frameworks.sh\"\n";
			showEnvVarsInLog = 0;
		};
		29C17148C602A56B05952AC4 /* [CP] Copy Pods Resources */ = {
			isa = PBXShellScriptBuildPhase;
			buildActionMask = 2147483647;
			files = (
			);
			inputPaths = (
			);
			name = "[CP] Copy Pods Resources";
			outputPaths = (
			);
			runOnlyForDeploymentPostprocessing = 0;
			shellPath = /bin/sh;
			shellScript = "\"${SRCROOT}/Pods/Target Support Files/Pods-MJRFlexStyleExamples/Pods-MJRFlexStyleExamples-resources.sh\"\n";
			showEnvVarsInLog = 0;
		};
		663A2308D4E6594C2DA7D7D5 /* [CP] Check Pods Manifest.lock */ = {
			isa = PBXShellScriptBuildPhase;
			buildActionMask = 2147483647;
			files = (
			);
			inputPaths = (
			);
			name = "[CP] Check Pods Manifest.lock";
			outputPaths = (
			);
			runOnlyForDeploymentPostprocessing = 0;
			shellPath = /bin/sh;
			shellScript = "diff \"${PODS_ROOT}/../Podfile.lock\" \"${PODS_ROOT}/Manifest.lock\" > /dev/null\nif [ $? != 0 ] ; then\n    # print error to STDERR\n    echo \"error: The sandbox is not in sync with the Podfile.lock. Run 'pod install' or update your CocoaPods installation.\" >&2\n    exit 1\nfi\n";
			showEnvVarsInLog = 0;
		};
		7C3CEE812D5BE1FCD59F87A1 /* [CP] Copy Pods Resources */ = {
			isa = PBXShellScriptBuildPhase;
			buildActionMask = 2147483647;
			files = (
			);
			inputPaths = (
			);
			name = "[CP] Copy Pods Resources";
			outputPaths = (
			);
			runOnlyForDeploymentPostprocessing = 0;
			shellPath = /bin/sh;
			shellScript = "\"${SRCROOT}/Pods/Target Support Files/Pods-MJRFlexStyleComponents/Pods-MJRFlexStyleComponents-resources.sh\"\n";
			showEnvVarsInLog = 0;
		};
		83AFB0C0B05DF15F607DAA46 /* [CP] Check Pods Manifest.lock */ = {
			isa = PBXShellScriptBuildPhase;
			buildActionMask = 2147483647;
			files = (
			);
			inputPaths = (
			);
			name = "[CP] Check Pods Manifest.lock";
			outputPaths = (
			);
			runOnlyForDeploymentPostprocessing = 0;
			shellPath = /bin/sh;
			shellScript = "diff \"${PODS_ROOT}/../Podfile.lock\" \"${PODS_ROOT}/Manifest.lock\" > /dev/null\nif [ $? != 0 ] ; then\n    # print error to STDERR\n    echo \"error: The sandbox is not in sync with the Podfile.lock. Run 'pod install' or update your CocoaPods installation.\" >&2\n    exit 1\nfi\n";
			showEnvVarsInLog = 0;
		};
/* End PBXShellScriptBuildPhase section */

/* Begin PBXSourcesBuildPhase section */
		5B9936F81D3A9E210043E573 /* Sources */ = {
			isa = PBXSourcesBuildPhase;
			buildActionMask = 2147483647;
			files = (
				5BE448681D474DFD0011E5AE /* BezierPathHelper.swift in Sources */,
				5B99370F1D3A9E5B0043E573 /* SnappingThumbBehaviour.swift in Sources */,
				5BE4484E1D42160E0011E5AE /* StyledSliderThumbBehaviour.swift in Sources */,
				5B12A8E21D72EBE50072D1E1 /* FlexImageView.swift in Sources */,
				5B3FF72A1E13EDA50077A106 /* FlexBaseCollectionViewCellTextLabel.swift in Sources */,
				5B6CF1591D48E8DD00291D8B /* MKColor.swift in Sources */,
				5BB114231DB8F7FD00719EEB /* NSAttributedStringExtension.swift in Sources */,
				5BE448641D450DC20011E5AE /* FlexSeriesView.swift in Sources */,
				5BB91CAA1DA3DC3500A94D12 /* FlexBaseCollectionItem.swift in Sources */,
				5BADC3421DACE23D009B899E /* FlexTextViewCollectionViewCell.swift in Sources */,
				5BB91C911DA3955900A94D12 /* FlexCollectionSection.swift in Sources */,
				5BB1141D1DB8CA9700719EEB /* FlexImageCollectionViewCell.swift in Sources */,
				5B0859E41D7EE84B00484E8F /* FlexTextViewDemoViewController.swift in Sources */,
				5BADFC631DA8E151004A5D12 /* FlexControlLayoutHelper.swift in Sources */,
				5B3FF73A1E152C600077A106 /* FlexCellView.swift in Sources */,
				5B99370E1D3A9E5B0043E573 /* GenericStyleSlider.swift in Sources */,
				5BC4B9B11D520E7F0000421F /* FlexBaseControl.swift in Sources */,
				5BD4604A1DA1109E001FA9B3 /* ImageShapeDemoViewController.swift in Sources */,
				5B3FF7331E13EF500077A106 /* FlexBaseCollectionViewCellDetailTextLabel.swift in Sources */,
				5BADC33F1DACDFF7009B899E /* FlexTextViewCollectionItem.swift in Sources */,
				5BB114201DB8CADB00719EEB /* FlexImageCollectionItem.swift in Sources */,
				5B3FF7371E15126C0077A106 /* FlexViewSupplementaryView.swift in Sources */,
				5BE4485B1D44C71D0011E5AE /* FlexMenu.swift in Sources */,
				5B7234A21E3395990089A4E7 /* FlexMenuCollectionViewCell.swift in Sources */,
				5BB91CA31DA39E0F00A94D12 /* ImageShapeLayerFactory.swift in Sources */,
				5B9937111D3A9E5B0043E573 /* StyledSliderThumbList.swift in Sources */,
				5B12A8E41D73066E0072D1E1 /* ImageViewDemoViewController.swift in Sources */,
				5BB91CA71DA3D8F600A94D12 /* FlexBaseCollectionViewCell.swift in Sources */,
				5BB91C951DA3955900A94D12 /* EmptyHeaderCollectionReusableView.swift in Sources */,
				5BAD34E81E50557F0078FEE8 /* FlexCardViewCollectionViewCell.swift in Sources */,
				5B9937121D3A9E5B0043E573 /* StyledControlDirection.swift in Sources */,
				5BC284231DA66689004E1731 /* FlexCollectionDemoViewController.swift in Sources */,
				5B1EFC7B1D7047250040AD50 /* FlexViewMenu.swift in Sources */,
				5B72347E1E2CBFB10089A4E7 /* FlexButtonCollectionItem.swift in Sources */,
				5BB91C991DA3955900A94D12 /* FlexCollectionView.swift in Sources */,
				5B3FF7301E13EF270077A106 /* FlexBaseCollectionViewCellInfoTextLabel.swift in Sources */,
				5B7234A01E3395990089A4E7 /* FlexMenuCollectionItem.swift in Sources */,
				5BAD34E51E5055380078FEE8 /* FlexCardViewCollectionItem.swift in Sources */,
				5B9937101D3A9E5B0043E573 /* StyledSliderThumb.swift in Sources */,
				5BAD34F11E5068840078FEE8 /* FlexCardTextViewCollectionViewCell.swift in Sources */,
				5BE4485E1D44C8D80011E5AE /* FlexMenuItem.swift in Sources */,
				5B3FF71F1E1136A10077A106 /* UIImageExtensions.swift in Sources */,
				5B3FF72D1E13EEF20077A106 /* FlexBaseCollectionViewCellAuxTextLabel.swift in Sources */,
				5B3FF7261E13BD9A0077A106 /* FlexShapeStyle.swift in Sources */,
				5BE4484A1D41F6DB0011E5AE /* PositionUpdateTimer.swift in Sources */,
				5BADFC5D1DA8C9DA004A5D12 /* FlexSliderCollectionItem.swift in Sources */,
				5BD460481DA10A56001FA9B3 /* FlexImageShapeView.swift in Sources */,
				5B53D0F41D5372010068BF04 /* FlexView.swift in Sources */,
				5BE4486E1D478E9A0011E5AE /* FlexDoubleSlider.swift in Sources */,
				5BADFC601DA8CA33004A5D12 /* FlexSliderCollectionViewCell.swift in Sources */,
				5BAD34EE1E5059470078FEE8 /* UITextView+Alignment.swift in Sources */,
				5BB2A6241DA7D296003D38C3 /* FlexSwitchCollectionViewCell.swift in Sources */,
				5BE448511D4220830011E5AE /* LabelFactory.swift in Sources */,
				5B9937011D3A9E210043E573 /* ViewController.swift in Sources */,
				5BB2A61E1DA7A72E003D38C3 /* FlexColorCollectionViewCell.swift in Sources */,
				5BE64CE41E4B279B00CD0271 /* FlexTextFieldCollectionViewCell.swift in Sources */,
				5BB91C971DA3955900A94D12 /* SimpleHeaderCollectionReusableView.swift in Sources */,
				5B53D0F71D5393520068BF04 /* ViewsDemoViewController.swift in Sources */,
				5BB91C931DA3955900A94D12 /* FlexCollectionItem.swift in Sources */,
				5B7234841E2CE49B0089A4E7 /* FlexHeaderView.swift in Sources */,
				5B7234811E2CC0A60089A4E7 /* FlexButtonCollectionViewCell.swift in Sources */,
				5BE64CE71E4B280E00CD0271 /* FlexTextFieldCollectionItem.swift in Sources */,
				5BEAF3231D6851B600BF5D83 /* MenusDemoViewController.swift in Sources */,
				5BB2A6271DA7D2E9003D38C3 /* FlexSwitchCollectionItem.swift in Sources */,
				5BB2A6211DA7A774003D38C3 /* FlexColorCollectionItem.swift in Sources */,
				5B0859E11D7EE65500484E8F /* FlexTextView.swift in Sources */,
				5B3FF7231E13BC8C0077A106 /* FlexBaseStylingControl.swift in Sources */,
				5BAD34EB1E5058970078FEE8 /* UITextView+Defaults.swift in Sources */,
				5BB91C9B1DA3955900A94D12 /* FlexCollectionViewCell.swift in Sources */,
				5BE4486B1D4760EE0011E5AE /* FlexSlider.swift in Sources */,
				5B7234871E2CE4AC0089A4E7 /* FlexFooterView.swift in Sources */,
				5BD460421DA100B0001FA9B3 /* CGRectHelper.swift in Sources */,
				5B49AAF41D8E6CB0003C062E /* FlexLabel.swift in Sources */,
				5B9936FF1D3A9E210043E573 /* AppDelegate.swift in Sources */,
				5BE448541D4381C90011E5AE /* FlexSwitch.swift in Sources */,
				5BAD34F41E5069BB0078FEE8 /* FlexCardTextViewCollectionItem.swift in Sources */,
				5BB366111DBA382500C26FC0 /* StringExtension.swift in Sources */,
			);
			runOnlyForDeploymentPostprocessing = 0;
		};
		5BF702031D3113D50011555A /* Sources */ = {
			isa = PBXSourcesBuildPhase;
			buildActionMask = 2147483647;
			files = (
				5BADFC5F1DA8CA33004A5D12 /* FlexSliderCollectionViewCell.swift in Sources */,
				5BADC3411DACE23D009B899E /* FlexTextViewCollectionViewCell.swift in Sources */,
				5BB91C941DA3955900A94D12 /* EmptyHeaderCollectionReusableView.swift in Sources */,
				5B3FF72F1E13EF270077A106 /* FlexBaseCollectionViewCellInfoTextLabel.swift in Sources */,
				5B3FF7361E15126C0077A106 /* FlexViewSupplementaryView.swift in Sources */,
				5BE448531D4381C90011E5AE /* FlexSwitch.swift in Sources */,
				5B9F2C5E1D31616200B096B5 /* SnappingThumbBehaviour.swift in Sources */,
				5BC4B9B01D520E7F0000421F /* FlexBaseControl.swift in Sources */,
				5BB2A6201DA7A774003D38C3 /* FlexColorCollectionItem.swift in Sources */,
				5B9936D91D3A578B0043E573 /* StyledControlDirection.swift in Sources */,
				5B7234831E2CE49B0089A4E7 /* FlexHeaderView.swift in Sources */,
				5B49AAF31D8E6CB0003C062E /* FlexLabel.swift in Sources */,
				5BAD34E41E5055380078FEE8 /* FlexCardViewCollectionItem.swift in Sources */,
				5BB1141C1DB8CA9700719EEB /* FlexImageCollectionViewCell.swift in Sources */,
				5B0859E01D7EE65500484E8F /* FlexTextView.swift in Sources */,
				5B3FF7321E13EF500077A106 /* FlexBaseCollectionViewCellDetailTextLabel.swift in Sources */,
				5BADC33E1DACDFF7009B899E /* FlexTextViewCollectionItem.swift in Sources */,
				5BB91C901DA3955900A94D12 /* FlexCollectionSection.swift in Sources */,
				5BE4486A1D4760EE0011E5AE /* FlexSlider.swift in Sources */,
				5BF702151D3116AC0011555A /* GenericStyleSlider.swift in Sources */,
				5B3FF7291E13EDA50077A106 /* FlexBaseCollectionViewCellTextLabel.swift in Sources */,
				5BB366101DBA382500C26FC0 /* StringExtension.swift in Sources */,
				5BE448501D4220830011E5AE /* LabelFactory.swift in Sources */,
				5BB91C961DA3955900A94D12 /* SimpleHeaderCollectionReusableView.swift in Sources */,
				5BE4485A1D44C71D0011E5AE /* FlexMenu.swift in Sources */,
				5BE448491D41F6DB0011E5AE /* PositionUpdateTimer.swift in Sources */,
				5BB2A61D1DA7A72E003D38C3 /* FlexColorCollectionViewCell.swift in Sources */,
				5BE4485D1D44C8D80011E5AE /* FlexMenuItem.swift in Sources */,
				5BADFC5C1DA8C9DA004A5D12 /* FlexSliderCollectionItem.swift in Sources */,
				5B53D0F31D5372010068BF04 /* FlexView.swift in Sources */,
				5B7234861E2CE4AC0089A4E7 /* FlexFooterView.swift in Sources */,
				5BE448671D474DFD0011E5AE /* BezierPathHelper.swift in Sources */,
				5BE64CE31E4B279B00CD0271 /* FlexTextFieldCollectionViewCell.swift in Sources */,
				5B7234A11E3395990089A4E7 /* FlexMenuCollectionViewCell.swift in Sources */,
				5BB91C981DA3955900A94D12 /* FlexCollectionView.swift in Sources */,
				5BAD34E71E50557F0078FEE8 /* FlexCardViewCollectionViewCell.swift in Sources */,
				5BB2A6261DA7D2E9003D38C3 /* FlexSwitchCollectionItem.swift in Sources */,
				5BB114221DB8F7FD00719EEB /* NSAttributedStringExtension.swift in Sources */,
				5B72349F1E3395990089A4E7 /* FlexMenuCollectionItem.swift in Sources */,
				5B3FF72C1E13EEF20077A106 /* FlexBaseCollectionViewCellAuxTextLabel.swift in Sources */,
				5BB91C9A1DA3955900A94D12 /* FlexCollectionViewCell.swift in Sources */,
				5BB91C921DA3955900A94D12 /* FlexCollectionItem.swift in Sources */,
				5BE4484D1D42160E0011E5AE /* StyledSliderThumbBehaviour.swift in Sources */,
				5B12A8E11D72EBE50072D1E1 /* FlexImageView.swift in Sources */,
				5BD460471DA10A56001FA9B3 /* FlexImageShapeView.swift in Sources */,
				5BB91CA61DA3D8F600A94D12 /* FlexBaseCollectionViewCell.swift in Sources */,
				5B3FF7251E13BD9A0077A106 /* FlexShapeStyle.swift in Sources */,
				5BAD34F31E5069BB0078FEE8 /* FlexCardTextViewCollectionItem.swift in Sources */,
				5BAD34F01E5068840078FEE8 /* FlexCardTextViewCollectionViewCell.swift in Sources */,
				5BADFC621DA8E151004A5D12 /* FlexControlLayoutHelper.swift in Sources */,
				5B9936D71D3A57620043E573 /* StyledSliderThumbList.swift in Sources */,
				5B7234801E2CC0A60089A4E7 /* FlexButtonCollectionViewCell.swift in Sources */,
				5BB91CA21DA39E0F00A94D12 /* ImageShapeLayerFactory.swift in Sources */,
				5BB2A6231DA7D296003D38C3 /* FlexSwitchCollectionViewCell.swift in Sources */,
				5B3FF7221E13BC8C0077A106 /* FlexBaseStylingControl.swift in Sources */,
				5BAD34EA1E5058970078FEE8 /* UITextView+Defaults.swift in Sources */,
				5BAD34ED1E5059470078FEE8 /* UITextView+Alignment.swift in Sources */,
				5B1EFC7A1D7047250040AD50 /* FlexViewMenu.swift in Sources */,
				5BE448631D450DC20011E5AE /* FlexSeriesView.swift in Sources */,
				5BD460411DA100B0001FA9B3 /* CGRectHelper.swift in Sources */,
				5BE64CE61E4B280E00CD0271 /* FlexTextFieldCollectionItem.swift in Sources */,
				5BE4486D1D478E9A0011E5AE /* FlexDoubleSlider.swift in Sources */,
				5BB1141F1DB8CADB00719EEB /* FlexImageCollectionItem.swift in Sources */,
				5B9F2C601D32352600B096B5 /* StyledSliderThumb.swift in Sources */,
				5B72347D1E2CBFB10089A4E7 /* FlexButtonCollectionItem.swift in Sources */,
				5B3FF7391E152C600077A106 /* FlexCellView.swift in Sources */,
				5BB91CA91DA3DC3500A94D12 /* FlexBaseCollectionItem.swift in Sources */,
			);
			runOnlyForDeploymentPostprocessing = 0;
		};
/* End PBXSourcesBuildPhase section */

/* Begin PBXVariantGroup section */
		5B9937021D3A9E210043E573 /* Main.storyboard */ = {
			isa = PBXVariantGroup;
			children = (
				5B9937031D3A9E210043E573 /* Base */,
			);
			name = Main.storyboard;
			sourceTree = "<group>";
		};
		5B9937071D3A9E210043E573 /* LaunchScreen.storyboard */ = {
			isa = PBXVariantGroup;
			children = (
				5B9937081D3A9E210043E573 /* Base */,
			);
			name = LaunchScreen.storyboard;
			sourceTree = "<group>";
		};
/* End PBXVariantGroup section */

/* Begin XCBuildConfiguration section */
		5B99370C1D3A9E220043E573 /* Debug */ = {
			isa = XCBuildConfiguration;
			baseConfigurationReference = 0FEAA0B139A84C5E5B477A55 /* Pods-MJRFlexStyleExamples.debug.xcconfig */;
			buildSettings = {
				ALWAYS_EMBED_SWIFT_STANDARD_LIBRARIES = YES;
				ASSETCATALOG_COMPILER_APPICON_NAME = AppIcon;
				DEVELOPMENT_TEAM = "";
				INFOPLIST_FILE = MJRFlexStyleExamples/Info.plist;
				LD_RUNPATH_SEARCH_PATHS = "$(inherited) @executable_path/Frameworks";
				PRODUCT_BUNDLE_IDENTIFIER = org.cocoapods.MJRFlexStyleExamples;
				PRODUCT_NAME = "$(TARGET_NAME)";
				SWIFT_VERSION = 3.0.1;
			};
			name = Debug;
		};
		5B99370D1D3A9E220043E573 /* Release */ = {
			isa = XCBuildConfiguration;
			baseConfigurationReference = 22BD3094DC054D5C1054E0DD /* Pods-MJRFlexStyleExamples.release.xcconfig */;
			buildSettings = {
				ALWAYS_EMBED_SWIFT_STANDARD_LIBRARIES = YES;
				ASSETCATALOG_COMPILER_APPICON_NAME = AppIcon;
				DEVELOPMENT_TEAM = "";
				INFOPLIST_FILE = MJRFlexStyleExamples/Info.plist;
				LD_RUNPATH_SEARCH_PATHS = "$(inherited) @executable_path/Frameworks";
				PRODUCT_BUNDLE_IDENTIFIER = org.cocoapods.MJRFlexStyleExamples;
				PRODUCT_NAME = "$(TARGET_NAME)";
				SWIFT_VERSION = 3.0.1;
			};
			name = Release;
		};
		5BF7020E1D3113D50011555A /* Debug */ = {
			isa = XCBuildConfiguration;
			buildSettings = {
				ALWAYS_SEARCH_USER_PATHS = NO;
				CLANG_ANALYZER_NONNULL = YES;
				CLANG_CXX_LANGUAGE_STANDARD = "gnu++0x";
				CLANG_CXX_LIBRARY = "libc++";
				CLANG_ENABLE_MODULES = YES;
				CLANG_ENABLE_OBJC_ARC = YES;
				CLANG_WARN_BOOL_CONVERSION = YES;
				CLANG_WARN_CONSTANT_CONVERSION = YES;
				CLANG_WARN_DIRECT_OBJC_ISA_USAGE = YES_ERROR;
				CLANG_WARN_EMPTY_BODY = YES;
				CLANG_WARN_ENUM_CONVERSION = YES;
				CLANG_WARN_INFINITE_RECURSION = YES;
				CLANG_WARN_INT_CONVERSION = YES;
				CLANG_WARN_OBJC_ROOT_CLASS = YES_ERROR;
				CLANG_WARN_SUSPICIOUS_MOVE = YES;
				CLANG_WARN_UNREACHABLE_CODE = YES;
				CLANG_WARN__DUPLICATE_METHOD_MATCH = YES;
				"CODE_SIGN_IDENTITY[sdk=iphoneos*]" = "iPhone Developer";
				COPY_PHASE_STRIP = NO;
				CURRENT_PROJECT_VERSION = 1;
				DEBUG_INFORMATION_FORMAT = dwarf;
				ENABLE_STRICT_OBJC_MSGSEND = YES;
				ENABLE_TESTABILITY = YES;
				GCC_C_LANGUAGE_STANDARD = gnu99;
				GCC_DYNAMIC_NO_PIC = NO;
				GCC_NO_COMMON_BLOCKS = YES;
				GCC_OPTIMIZATION_LEVEL = 0;
				GCC_PREPROCESSOR_DEFINITIONS = (
					"DEBUG=1",
					"$(inherited)",
				);
				GCC_WARN_64_TO_32_BIT_CONVERSION = YES;
				GCC_WARN_ABOUT_RETURN_TYPE = YES_ERROR;
				GCC_WARN_UNDECLARED_SELECTOR = YES;
				GCC_WARN_UNINITIALIZED_AUTOS = YES_AGGRESSIVE;
				GCC_WARN_UNUSED_FUNCTION = YES;
				GCC_WARN_UNUSED_VARIABLE = YES;
				IPHONEOS_DEPLOYMENT_TARGET = 10.0;
				MTL_ENABLE_DEBUG_INFO = YES;
				ONLY_ACTIVE_ARCH = YES;
				SDKROOT = iphoneos;
				SWIFT_OPTIMIZATION_LEVEL = "-Onone";
				TARGETED_DEVICE_FAMILY = "1,2";
				VERSIONING_SYSTEM = "apple-generic";
				VERSION_INFO_PREFIX = "";
			};
			name = Debug;
		};
		5BF7020F1D3113D50011555A /* Release */ = {
			isa = XCBuildConfiguration;
			buildSettings = {
				ALWAYS_SEARCH_USER_PATHS = NO;
				CLANG_ANALYZER_NONNULL = YES;
				CLANG_CXX_LANGUAGE_STANDARD = "gnu++0x";
				CLANG_CXX_LIBRARY = "libc++";
				CLANG_ENABLE_MODULES = YES;
				CLANG_ENABLE_OBJC_ARC = YES;
				CLANG_WARN_BOOL_CONVERSION = YES;
				CLANG_WARN_CONSTANT_CONVERSION = YES;
				CLANG_WARN_DIRECT_OBJC_ISA_USAGE = YES_ERROR;
				CLANG_WARN_EMPTY_BODY = YES;
				CLANG_WARN_ENUM_CONVERSION = YES;
				CLANG_WARN_INFINITE_RECURSION = YES;
				CLANG_WARN_INT_CONVERSION = YES;
				CLANG_WARN_OBJC_ROOT_CLASS = YES_ERROR;
				CLANG_WARN_SUSPICIOUS_MOVE = YES;
				CLANG_WARN_UNREACHABLE_CODE = YES;
				CLANG_WARN__DUPLICATE_METHOD_MATCH = YES;
				"CODE_SIGN_IDENTITY[sdk=iphoneos*]" = "iPhone Developer";
				COPY_PHASE_STRIP = NO;
				CURRENT_PROJECT_VERSION = 1;
				DEBUG_INFORMATION_FORMAT = "dwarf-with-dsym";
				ENABLE_NS_ASSERTIONS = NO;
				ENABLE_STRICT_OBJC_MSGSEND = YES;
				GCC_C_LANGUAGE_STANDARD = gnu99;
				GCC_NO_COMMON_BLOCKS = YES;
				GCC_WARN_64_TO_32_BIT_CONVERSION = YES;
				GCC_WARN_ABOUT_RETURN_TYPE = YES_ERROR;
				GCC_WARN_UNDECLARED_SELECTOR = YES;
				GCC_WARN_UNINITIALIZED_AUTOS = YES_AGGRESSIVE;
				GCC_WARN_UNUSED_FUNCTION = YES;
				GCC_WARN_UNUSED_VARIABLE = YES;
				IPHONEOS_DEPLOYMENT_TARGET = 10.0;
				MTL_ENABLE_DEBUG_INFO = NO;
				SDKROOT = iphoneos;
				SWIFT_OPTIMIZATION_LEVEL = "-Owholemodule";
				TARGETED_DEVICE_FAMILY = "1,2";
				VALIDATE_PRODUCT = YES;
				VERSIONING_SYSTEM = "apple-generic";
				VERSION_INFO_PREFIX = "";
			};
			name = Release;
		};
		5BF702111D3113D50011555A /* Debug */ = {
			isa = XCBuildConfiguration;
			baseConfigurationReference = 9856108FF8086D2E71C91A8F /* Pods-MJRFlexStyleComponents.debug.xcconfig */;
			buildSettings = {
				ALWAYS_EMBED_SWIFT_STANDARD_LIBRARIES = YES;
				CLANG_ENABLE_MODULES = YES;
				CODE_SIGN_IDENTITY = "iPhone Developer";
				"CODE_SIGN_IDENTITY[sdk=iphoneos*]" = "";
				DEFINES_MODULE = YES;
				DYLIB_COMPATIBILITY_VERSION = 1;
				DYLIB_CURRENT_VERSION = 1;
				DYLIB_INSTALL_NAME_BASE = "@rpath";
				INFOPLIST_FILE = MJRFlexStyleComponents/Info.plist;
				INSTALL_PATH = "$(LOCAL_LIBRARY_DIR)/Frameworks";
				LD_RUNPATH_SEARCH_PATHS = "$(inherited) @executable_path/Frameworks @loader_path/Frameworks";
				PRODUCT_BUNDLE_IDENTIFIER = org.cocoapods.MJRFlexStyleComponents;
				PRODUCT_NAME = "$(TARGET_NAME)";
				SKIP_INSTALL = YES;
				SWIFT_OPTIMIZATION_LEVEL = "-Onone";
				SWIFT_VERSION = 3.0.1;
			};
			name = Debug;
		};
		5BF702121D3113D50011555A /* Release */ = {
			isa = XCBuildConfiguration;
			baseConfigurationReference = CBA4AE8894BEEEC2FBF998DE /* Pods-MJRFlexStyleComponents.release.xcconfig */;
			buildSettings = {
				ALWAYS_EMBED_SWIFT_STANDARD_LIBRARIES = YES;
				CLANG_ENABLE_MODULES = YES;
				CODE_SIGN_IDENTITY = "iPhone Developer";
				"CODE_SIGN_IDENTITY[sdk=iphoneos*]" = "";
				DEFINES_MODULE = YES;
				DYLIB_COMPATIBILITY_VERSION = 1;
				DYLIB_CURRENT_VERSION = 1;
				DYLIB_INSTALL_NAME_BASE = "@rpath";
				INFOPLIST_FILE = MJRFlexStyleComponents/Info.plist;
				INSTALL_PATH = "$(LOCAL_LIBRARY_DIR)/Frameworks";
				LD_RUNPATH_SEARCH_PATHS = "$(inherited) @executable_path/Frameworks @loader_path/Frameworks";
				PRODUCT_BUNDLE_IDENTIFIER = org.cocoapods.MJRFlexStyleComponents;
				PRODUCT_NAME = "$(TARGET_NAME)";
				SKIP_INSTALL = YES;
				SWIFT_VERSION = 3.0.1;
			};
			name = Release;
		};
/* End XCBuildConfiguration section */

/* Begin XCConfigurationList section */
		5B99370B1D3A9E220043E573 /* Build configuration list for PBXNativeTarget "MJRFlexStyleExamples" */ = {
			isa = XCConfigurationList;
			buildConfigurations = (
				5B99370C1D3A9E220043E573 /* Debug */,
				5B99370D1D3A9E220043E573 /* Release */,
			);
			defaultConfigurationIsVisible = 0;
			defaultConfigurationName = Release;
		};
		5BF702021D3113D50011555A /* Build configuration list for PBXProject "MJRFlexStyleComponents" */ = {
			isa = XCConfigurationList;
			buildConfigurations = (
				5BF7020E1D3113D50011555A /* Debug */,
				5BF7020F1D3113D50011555A /* Release */,
			);
			defaultConfigurationIsVisible = 0;
			defaultConfigurationName = Release;
		};
		5BF702101D3113D50011555A /* Build configuration list for PBXNativeTarget "MJRFlexStyleComponents" */ = {
			isa = XCConfigurationList;
			buildConfigurations = (
				5BF702111D3113D50011555A /* Debug */,
				5BF702121D3113D50011555A /* Release */,
			);
			defaultConfigurationIsVisible = 0;
			defaultConfigurationName = Release;
		};
/* End XCConfigurationList section */
	};
	rootObject = 5BF701FF1D3113D50011555A /* Project object */;
}
